
Microsoft Visual Studio Solution File, Format Version 12.00
# Visual Studio Version 17
VisualStudioVersion = 17.8.34601.278
MinimumVisualStudioVersion = 10.0.40219.1
Project("{8BC9CEB8-8B4A-11D0-8D11-00A0C91BC942}") = "example-10", "example-10\example-10.vcxproj", "{1668F136-8B71-40E7-A3AB-7D03E18D7DDE}"
EndProject
Project("{8BC9CEB8-8B4A-11D0-8D11-00A0C91BC942}") = "example-01", "example-01\example-01.vcxproj", "{3B27021A-8163-433B-8F25-043E9552B9C1}"
EndProject
Project("{8BC9CEB8-8B4A-11D0-8D11-00A0C91BC942}") = "example-02", "example-02\example-02.vcxproj", "{AFFC88B6-0D92-43B4-BCE3-7D40D60DA6C7}"
EndProject
Project("{8BC9CEB8-8B4A-11D0-8D11-00A0C91BC942}") = "example-03", "example-03\example-03.vcxproj", "{58EC8186-570C-4187-9D74-4A576FE7D5FF}"
EndProject
Project("{8BC9CEB8-8B4A-11D0-8D11-00A0C91BC942}") = "example-04", "example-04\example-04.vcxproj", "{1A55C684-4325-4C6A-9981-472E52C08047}"
EndProject
Project("{8BC9CEB8-8B4A-11D0-8D11-00A0C91BC942}") = "example-05", "example-05\example-05.vcxproj", "{8315E1AD-6F3D-4924-AC7B-9957D7C1BFE9}"
EndProject
Project("{8BC9CEB8-8B4A-11D0-8D11-00A0C91BC942}") = "example-06", "example-06\example-06.vcxproj", "{74D289E3-2345-4851-B784-D92106E425D9}"
EndProject
Project("{8BC9CEB8-8B4A-11D0-8D11-00A0C91BC942}") = "example-07", "example-07\example-07.vcxproj", "{74BB18CD-A193-4F8E-A2AE-7DCE3E07A720}"
EndProject
Project("{8BC9CEB8-8B4A-11D0-8D11-00A0C91BC942}") = "example-08", "example-08\example-08.vcxproj", "{61752ABA-B2C4-4678-8D66-4ACC7745BB6D}"
EndProject
Project("{8BC9CEB8-8B4A-11D0-8D11-00A0C91BC942}") = "example-09", "example-09\example-09.vcxproj", "{0CFDD396-6796-4F3A-BAF8-D3DAF6ECAD00}"
EndProject
Project("{8BC9CEB8-8B4A-11D0-8D11-00A0C91BC942}") = "example-11", "example-11\example-11.vcxproj", "{B78D50F5-B4A4-4D2D-91E1-5A85D0C9B11E}"
EndProject
Project("{8BC9CEB8-8B4A-11D0-8D11-00A0C91BC942}") = "example-12", "example-12\example-12.vcxproj", "{6B1DEB94-8B36-480B-AD9E-4794CCB5E391}"
EndProject
Project("{8BC9CEB8-8B4A-11D0-8D11-00A0C91BC942}") = "example-12-2", "example-12-2\example-12-2.vcxproj", "{6D7434B1-D6A7-4BFA-8F20-8BBB6534666C}"
EndProject
Project("{8BC9CEB8-8B4A-11D0-8D11-00A0C91BC942}") = "example-12-3", "example-12-3\example-12-3.vcxproj", "{B0C95FF4-5507-4AA1-93E3-071A8C6C03A2}"
EndProject
Project("{8BC9CEB8-8B4A-11D0-8D11-00A0C91BC942}") = "example-13", "example-13\example-13.vcxproj", "{1ED52A30-F336-4B86-9805-8253DEAEBB14}"
EndProject
Project("{8BC9CEB8-8B4A-11D0-8D11-00A0C91BC942}") = "example-14", "example-14\example-14.vcxproj", "{1A432882-B748-4057-A0D8-3BD2A2FF6E63}"
EndProject
Project("{8BC9CEB8-8B4A-11D0-8D11-00A0C91BC942}") = "example-15-1", "example-15-1\example-15-1.vcxproj", "{A065DE25-BBB1-40A8-A129-9E53FFF8E5E4}"
EndProject
Project("{8BC9CEB8-8B4A-11D0-8D11-00A0C91BC942}") = "example-15-2", "example-15-2\example-15-2.vcxproj", "{E24E6C2A-9761-48BA-A063-96B2713157CD}"
EndProject
Project("{8BC9CEB8-8B4A-11D0-8D11-00A0C91BC942}") = "example-16", "example-16\example-16.vcxproj", "{01F25131-8EEC-4047-A7CA-F239D03C2EA4}"
EndProject
Project("{8BC9CEB8-8B4A-11D0-8D11-00A0C91BC942}") = "example-17", "example-17\example-17.vcxproj", "{C6C0F079-C467-4AA3-91D6-2223C344AE84}"
EndProject
Project("{8BC9CEB8-8B4A-11D0-8D11-00A0C91BC942}") = "example-17-2", "example-17-2\example-17-2.vcxproj", "{D9A5F7F0-2895-4C8F-BA43-654835D9D747}"
EndProject
Project("{8BC9CEB8-8B4A-11D0-8D11-00A0C91BC942}") = "example-17-3", "example-17-3\example-17-3.vcxproj", "{CBC24213-2852-4B35-AC1C-43D3E434D077}"
EndProject
Project("{8BC9CEB8-8B4A-11D0-8D11-00A0C91BC942}") = "example-18", "example-18\example-18.vcxproj", "{6A549829-4348-4FCA-A208-C8DF14745986}"
EndProject
Project("{8BC9CEB8-8B4A-11D0-8D11-00A0C91BC942}") = "example-19", "example-19\example-19.vcxproj", "{3A46EC8F-B88D-4EE6-9034-4BF3611540DC}"
EndProject
Project("{8BC9CEB8-8B4A-11D0-8D11-00A0C91BC942}") = "example-19-2", "example-19-2\example-19-2.vcxproj", "{4BF0F68B-04BB-4657-AEA7-B46B620EA641}"
EndProject
Project("{8BC9CEB8-8B4A-11D0-8D11-00A0C91BC942}") = "example-20", "example-20\example-20.vcxproj", "{C3316C24-9A63-4D01-95FD-239EB965AD2A}"
EndProject
Project("{8BC9CEB8-8B4A-11D0-8D11-00A0C91BC942}") = "example-21", "example-21\example-21.vcxproj", "{F48FD055-9AE8-401D-BB81-91F1D7F725FA}"
EndProject
Project("{8BC9CEB8-8B4A-11D0-8D11-00A0C91BC942}") = "example-20-2", "example-20-2\example-20-2.vcxproj", "{1ACCBD8B-4C98-49B2-BAED-C43522A8D5E2}"
EndProject
Project("{8BC9CEB8-8B4A-11D0-8D11-00A0C91BC942}") = "example-21-3", "example-21-3\example-21-3.vcxproj", "{7E974A84-20A7-4149-8E38-3FAD34E0DCE7}"
EndProject
Project("{8BC9CEB8-8B4A-11D0-8D11-00A0C91BC942}") = "example-21-2", "example-21-2\example-21-2.vcxproj", "{4A15896A-21F3-4864-8715-F1803C620723}"
EndProject
Project("{8BC9CEB8-8B4A-11D0-8D11-00A0C91BC942}") = "example-22", "example-22\example-22.vcxproj", "{A3037D95-A8A9-48B0-A380-10FECD5B1E08}"
EndProject
Project("{8BC9CEB8-8B4A-11D0-8D11-00A0C91BC942}") = "example-22-2", "example-22-2\example-22-2.vcxproj", "{FBDE8030-BD04-4F85-A73B-2E9C0FB736A3}"
EndProject
Project("{8BC9CEB8-8B4A-11D0-8D11-00A0C91BC942}") = "example-23", "example-23\example-23.vcxproj", "{AE6B0685-DE54-4AC3-B35D-91A184388910}"
EndProject
Project("{8BC9CEB8-8B4A-11D0-8D11-00A0C91BC942}") = "example-23-2", "example-23-2\example-23-2.vcxproj", "{9B2728E2-125B-41A1-A258-51F6ED095C34}"
EndProject
Project("{8BC9CEB8-8B4A-11D0-8D11-00A0C91BC942}") = "example-24", "example-24\example-24.vcxproj", "{B25E1D26-5E1D-45E3-BD08-1A19569DAA08}"
EndProject
Project("{8BC9CEB8-8B4A-11D0-8D11-00A0C91BC942}") = "example-25", "example-25\example-25.vcxproj", "{C9288DFA-5871-4856-B96E-C76D1F92FC25}"
EndProject
Project("{8BC9CEB8-8B4A-11D0-8D11-00A0C91BC942}") = "example-26", "example-26\example-26.vcxproj", "{0AF0C4C1-0C71-44FC-8617-C7158341B527}"
EndProject
Project("{8BC9CEB8-8B4A-11D0-8D11-00A0C91BC942}") = "example-26-2", "example-26-2\example-26-2.vcxproj", "{4A2841FB-4072-4759-81C3-EFD4E389F151}"
EndProject
Project("{8BC9CEB8-8B4A-11D0-8D11-00A0C91BC942}") = "example-27", "example-27\example-27.vcxproj", "{4B975C81-AE21-4D70-9E02-9392B472A0D2}"
EndProject
Project("{8BC9CEB8-8B4A-11D0-8D11-00A0C91BC942}") = "example-28", "example-28\example-28.vcxproj", "{69B8E08A-35D2-4151-B4AC-AE7ED40AE5CB}"
EndProject
Project("{8BC9CEB8-8B4A-11D0-8D11-00A0C91BC942}") = "example-29", "example-29\example-29.vcxproj", "{3D70EF61-A4D7-4074-8895-79B082EC9CC1}"
EndProject
Project("{8BC9CEB8-8B4A-11D0-8D11-00A0C91BC942}") = "example-29-2", "example-29-2\example-29-2.vcxproj", "{4E65A501-3472-4BC6-ABB6-3EB5270D4BDC}"
EndProject
Project("{8BC9CEB8-8B4A-11D0-8D11-00A0C91BC942}") = "example-30", "example-30\example-30.vcxproj", "{3383E6B8-420A-4028-947D-69B513DDC12F}"
EndProject
Project("{8BC9CEB8-8B4A-11D0-8D11-00A0C91BC942}") = "example-30-2", "example-30-2\example-30-2.vcxproj", "{50E82296-6DFA-4B82-906B-AF7587C8DA36}"
EndProject
Project("{8BC9CEB8-8B4A-11D0-8D11-00A0C91BC942}") = "example-31", "example-31\example-31.vcxproj", "{336B9664-0AAA-44E7-8611-F9E435F1A529}"
EndProject
Project("{8BC9CEB8-8B4A-11D0-8D11-00A0C91BC942}") = "example-32", "example-32\example-32.vcxproj", "{D820DE04-C750-485D-8F26-E9BD80A23C2B}"
EndProject
Project("{8BC9CEB8-8B4A-11D0-8D11-00A0C91BC942}") = "example-33", "example-33\example-33.vcxproj", "{B575CA48-2047-4D2E-86A2-75BD4B129299}"
EndProject
Project("{8BC9CEB8-8B4A-11D0-8D11-00A0C91BC942}") = "example-34", "example-34\example-34.vcxproj", "{67BD8521-DBF3-40B6-971F-ABC804D1B9C3}"
EndProject
Project("{8BC9CEB8-8B4A-11D0-8D11-00A0C91BC942}") = "example-35", "example-35\example-35.vcxproj", "{FBD60DDE-54CE-41B3-BBB9-8E18CFD73F6B}"
EndProject
Project("{8BC9CEB8-8B4A-11D0-8D11-00A0C91BC942}") = "example-36", "example-36\example-36.vcxproj", "{B2073A09-378E-48F8-B25A-0004899358FC}"
EndProject
Project("{8BC9CEB8-8B4A-11D0-8D11-00A0C91BC942}") = "example-37", "example-37\example-37.vcxproj", "{1C882375-3E54-4383-A2E8-605FC7D5F922}"
EndProject
Project("{8BC9CEB8-8B4A-11D0-8D11-00A0C91BC942}") = "example-38", "example-38\example-38.vcxproj", "{F9FBE19B-D0E8-4B08-B7B6-0E7F88B0C91F}"
EndProject
Project("{8BC9CEB8-8B4A-11D0-8D11-00A0C91BC942}") = "example-39", "example-39\example-39.vcxproj", "{23424C82-71B8-404D-A7DB-FE54C1E87241}"
EndProject
Project("{8BC9CEB8-8B4A-11D0-8D11-00A0C91BC942}") = "example-40", "example-40\example-40.vcxproj", "{4F64FD01-68DD-4F89-9BC0-0299DB38ED60}"
EndProject
Project("{8BC9CEB8-8B4A-11D0-8D11-00A0C91BC942}") = "example-40-2", "example-40-2\example-40-2.vcxproj", "{6F6B8FF0-702A-47F9-A245-C054766D80EB}"
EndProject
Project("{8BC9CEB8-8B4A-11D0-8D11-00A0C91BC942}") = "example-41", "example-41\example-41.vcxproj", "{0F2F71BE-61E9-4E3A-AFD0-1565A72B7497}"
EndProject
Project("{8BC9CEB8-8B4A-11D0-8D11-00A0C91BC942}") = "example-41-2", "example-41-2\example-41-2.vcxproj", "{4DD4AF32-3D53-49F8-A600-74ACDD49EABA}"
EndProject
Project("{8BC9CEB8-8B4A-11D0-8D11-00A0C91BC942}") = "example-41-3", "example-41-3\example-41-3.vcxproj", "{0085F389-B395-4F0E-AE5C-0418C0121384}"
EndProject
Project("{8BC9CEB8-8B4A-11D0-8D11-00A0C91BC942}") = "example-42", "example-42\example-42.vcxproj", "{7DE80DDB-9860-4A47-8F9F-F1CFF2D243EA}"
EndProject
Project("{8BC9CEB8-8B4A-11D0-8D11-00A0C91BC942}") = "example-42-2", "example-42-2\example-42-2.vcxproj", "{95E37418-4E76-49F6-81A8-6190B68D8E59}"
EndProject
Project("{8BC9CEB8-8B4A-11D0-8D11-00A0C91BC942}") = "example-43", "example-43\example-43.vcxproj", "{1D272D9B-CD48-4799-B347-F3C8ED0E40E5}"
EndProject
Project("{8BC9CEB8-8B4A-11D0-8D11-00A0C91BC942}") = "example-44", "example-44\example-44.vcxproj", "{FE3F92C9-A935-4731-9C70-D1FF61A3040A}"
EndProject
Project("{8BC9CEB8-8B4A-11D0-8D11-00A0C91BC942}") = "example-45", "example-45\example-45.vcxproj", "{48970CD8-C306-4123-BCCC-633074FFA6C9}"
EndProject
Project("{8BC9CEB8-8B4A-11D0-8D11-00A0C91BC942}") = "example-46", "example-46\example-46.vcxproj", "{4DE16D51-B6A3-433B-A0F6-E1A172E13697}"
EndProject
Project("{8BC9CEB8-8B4A-11D0-8D11-00A0C91BC942}") = "example-47", "example-47\example-47.vcxproj", "{232F28C9-7945-400F-8025-7BD3D5D24BCC}"
EndProject
Project("{8BC9CEB8-8B4A-11D0-8D11-00A0C91BC942}") = "example-48", "example-48\example-48.vcxproj", "{9EA3773D-7DBF-4C6F-9A9C-99AD4457117D}"
EndProject
Project("{8BC9CEB8-8B4A-11D0-8D11-00A0C91BC942}") = "example-49", "example-49\example-49.vcxproj", "{C41B13B5-E3F4-46D1-9BD3-F5E6860736AC}"
EndProject
Project("{8BC9CEB8-8B4A-11D0-8D11-00A0C91BC942}") = "example-50", "example-50\example-50.vcxproj", "{ECD5FAAC-1120-4760-B4AE-DFFEBEA87355}"
EndProject
Project("{8BC9CEB8-8B4A-11D0-8D11-00A0C91BC942}") = "example-51", "example-51\example-51.vcxproj", "{96BD531A-5812-444D-B7B2-ADD7780B4D59}"
EndProject
Project("{8BC9CEB8-8B4A-11D0-8D11-00A0C91BC942}") = "example-52", "example-52\example-52.vcxproj", "{214C8CD3-6818-47FF-916B-6FA91351BD9E}"
EndProject
Project("{8BC9CEB8-8B4A-11D0-8D11-00A0C91BC942}") = "example-53", "example-53\example-53.vcxproj", "{EC83C71D-A089-4F9D-8B80-C7C4C3A61A7E}"
EndProject
Project("{8BC9CEB8-8B4A-11D0-8D11-00A0C91BC942}") = "example-54", "example-54\example-54.vcxproj", "{F000DA4C-3942-4A6A-A4D0-2A5758D29064}"
EndProject
Project("{8BC9CEB8-8B4A-11D0-8D11-00A0C91BC942}") = "example-55", "example-55\example-55.vcxproj", "{AEE3F9FA-24A1-45D6-B39C-C7974977DEB2}"
EndProject
Project("{8BC9CEB8-8B4A-11D0-8D11-00A0C91BC942}") = "example-56", "example-56\example-56.vcxproj", "{ACFAA3CD-B14C-449E-9F0E-C513814EA4C5}"
EndProject
Project("{8BC9CEB8-8B4A-11D0-8D11-00A0C91BC942}") = "example-57", "example-57\example-57.vcxproj", "{6DD45D21-9445-45B5-87A7-0D01A494F727}"
EndProject
Project("{8BC9CEB8-8B4A-11D0-8D11-00A0C91BC942}") = "example-58", "example-58\example-58.vcxproj", "{EC1295AB-D534-468F-A7CF-23C5709A878F}"
EndProject
Project("{8BC9CEB8-8B4A-11D0-8D11-00A0C91BC942}") = "example-59", "example-59\example-59.vcxproj", "{AC037CB8-4F95-47FC-BB0A-098238750FDE}"
EndProject
Project("{8BC9CEB8-8B4A-11D0-8D11-00A0C91BC942}") = "example-60", "example-60\example-60.vcxproj", "{79370804-2712-4B94-9ED1-26FD8B20CA0E}"
EndProject
Project("{8BC9CEB8-8B4A-11D0-8D11-00A0C91BC942}") = "example-61", "example-61\example-61.vcxproj", "{17BA1937-DE27-45CB-9819-CEFFA54D7860}"
EndProject
Project("{8BC9CEB8-8B4A-11D0-8D11-00A0C91BC942}") = "example-62", "example-62\example-62.vcxproj", "{2AE67028-7058-42E5-B9DC-6B87709BD864}"
EndProject
Project("{8BC9CEB8-8B4A-11D0-8D11-00A0C91BC942}") = "example-63", "example-63\example-63.vcxproj", "{1A51E173-201E-47DC-9D2A-13F6FE286E8B}"
EndProject
Project("{8BC9CEB8-8B4A-11D0-8D11-00A0C91BC942}") = "example-64", "example-64\example-64.vcxproj", "{78199E3B-8499-4ABC-AF81-9FEDB277838A}"
EndProject
Project("{8BC9CEB8-8B4A-11D0-8D11-00A0C91BC942}") = "example-65", "example-65\example-65.vcxproj", "{A2B38212-DD32-4441-BA70-A7A52700642C}"
EndProject
Project("{8BC9CEB8-8B4A-11D0-8D11-00A0C91BC942}") = "example-66", "example-66\example-66.vcxproj", "{823F9697-4813-45BD-9AB7-6AC37A9B044A}"
EndProject
Project("{8BC9CEB8-8B4A-11D0-8D11-00A0C91BC942}") = "example-67", "example-67\example-67.vcxproj", "{EC552C81-E254-44DF-AB99-0B03282AAF80}"
EndProject
Project("{8BC9CEB8-8B4A-11D0-8D11-00A0C91BC942}") = "example-68", "example-68\example-68.vcxproj", "{2A8C7C03-46CC-4627-9129-E3495C9D9C35}"
EndProject
Project("{8BC9CEB8-8B4A-11D0-8D11-00A0C91BC942}") = "example-69", "example-69\example-69.vcxproj", "{10DCF8F2-11E6-4549-B957-5AAEF7DE88DC}"
EndProject
Project("{8BC9CEB8-8B4A-11D0-8D11-00A0C91BC942}") = "example-70", "example-70\example-70.vcxproj", "{AB7ECEDB-52C4-4FE0-BCFC-D45E7C9D15FF}"
EndProject
Project("{8BC9CEB8-8B4A-11D0-8D11-00A0C91BC942}") = "example-71", "example-71\example-71.vcxproj", "{5F498352-8093-4529-9589-2F71DAB4B5BE}"
EndProject
Project("{8BC9CEB8-8B4A-11D0-8D11-00A0C91BC942}") = "example-71-2", "example-71-2\example-71-2.vcxproj", "{651B9638-5FAF-47CD-A227-4959F0176260}"
EndProject
Project("{8BC9CEB8-8B4A-11D0-8D11-00A0C91BC942}") = "example-71-3", "example-71-3\example-71-3.vcxproj", "{CDA4A1B3-8773-44B4-A34C-041FCEB220B8}"
EndProject
Project("{8BC9CEB8-8B4A-11D0-8D11-00A0C91BC942}") = "example-71-4", "example-71-4\example-71-4.vcxproj", "{A8C125BD-D1CA-44CE-9775-E39CF9BFC7E7}"
EndProject
Project("{8BC9CEB8-8B4A-11D0-8D11-00A0C91BC942}") = "example-71-5", "example-71-5\example-71-5.vcxproj", "{97A7FE05-4CF6-48D5-89EC-4C843DF07DAB}"
EndProject
Project("{8BC9CEB8-8B4A-11D0-8D11-00A0C91BC942}") = "example-71-6", "example-71-6\example-71-6.vcxproj", "{D97FB067-E32F-472C-9FDF-5E974BCD79C6}"
EndProject
Project("{8BC9CEB8-8B4A-11D0-8D11-00A0C91BC942}") = "example-71-7", "example-71-7\example-71-7.vcxproj", "{93C7B69C-6CE1-4ACC-B3A3-B2F71A4EAA50}"
EndProject
Project("{8BC9CEB8-8B4A-11D0-8D11-00A0C91BC942}") = "example-71-8", "example-71-8\example-71-8.vcxproj", "{2C33756C-11F6-4041-A178-6C7FFC8B88EB}"
EndProject
Project("{8BC9CEB8-8B4A-11D0-8D11-00A0C91BC942}") = "example-71-9", "example-71-9\example-71-9.vcxproj", "{B0C08A1A-A8D6-4800-82F3-A7B41057F89A}"
EndProject
Project("{8BC9CEB8-8B4A-11D0-8D11-00A0C91BC942}") = "examples-71-10", "examples-71-10\examples-71-10.vcxproj", "{15E7E6BD-2A19-4676-ADBB-725E4555F7C5}"
EndProject
Global
	GlobalSection(SolutionConfigurationPlatforms) = preSolution
		Debug|x64 = Debug|x64
		Debug|x86 = Debug|x86
		Release|x64 = Release|x64
		Release|x86 = Release|x86
	EndGlobalSection
	GlobalSection(ProjectConfigurationPlatforms) = postSolution
		{1668F136-8B71-40E7-A3AB-7D03E18D7DDE}.Debug|x64.ActiveCfg = Debug|x64
		{1668F136-8B71-40E7-A3AB-7D03E18D7DDE}.Debug|x64.Build.0 = Debug|x64
		{1668F136-8B71-40E7-A3AB-7D03E18D7DDE}.Debug|x86.ActiveCfg = Debug|Win32
		{1668F136-8B71-40E7-A3AB-7D03E18D7DDE}.Debug|x86.Build.0 = Debug|Win32
		{1668F136-8B71-40E7-A3AB-7D03E18D7DDE}.Release|x64.ActiveCfg = Release|x64
		{1668F136-8B71-40E7-A3AB-7D03E18D7DDE}.Release|x64.Build.0 = Release|x64
		{1668F136-8B71-40E7-A3AB-7D03E18D7DDE}.Release|x86.ActiveCfg = Release|Win32
		{1668F136-8B71-40E7-A3AB-7D03E18D7DDE}.Release|x86.Build.0 = Release|Win32
		{3B27021A-8163-433B-8F25-043E9552B9C1}.Debug|x64.ActiveCfg = Debug|x64
		{3B27021A-8163-433B-8F25-043E9552B9C1}.Debug|x64.Build.0 = Debug|x64
		{3B27021A-8163-433B-8F25-043E9552B9C1}.Debug|x86.ActiveCfg = Debug|Win32
		{3B27021A-8163-433B-8F25-043E9552B9C1}.Debug|x86.Build.0 = Debug|Win32
		{3B27021A-8163-433B-8F25-043E9552B9C1}.Release|x64.ActiveCfg = Release|x64
		{3B27021A-8163-433B-8F25-043E9552B9C1}.Release|x64.Build.0 = Release|x64
		{3B27021A-8163-433B-8F25-043E9552B9C1}.Release|x86.ActiveCfg = Release|Win32
		{3B27021A-8163-433B-8F25-043E9552B9C1}.Release|x86.Build.0 = Release|Win32
		{AFFC88B6-0D92-43B4-BCE3-7D40D60DA6C7}.Debug|x64.ActiveCfg = Debug|x64
		{AFFC88B6-0D92-43B4-BCE3-7D40D60DA6C7}.Debug|x64.Build.0 = Debug|x64
		{AFFC88B6-0D92-43B4-BCE3-7D40D60DA6C7}.Debug|x86.ActiveCfg = Debug|Win32
		{AFFC88B6-0D92-43B4-BCE3-7D40D60DA6C7}.Debug|x86.Build.0 = Debug|Win32
		{AFFC88B6-0D92-43B4-BCE3-7D40D60DA6C7}.Release|x64.ActiveCfg = Release|x64
		{AFFC88B6-0D92-43B4-BCE3-7D40D60DA6C7}.Release|x64.Build.0 = Release|x64
		{AFFC88B6-0D92-43B4-BCE3-7D40D60DA6C7}.Release|x86.ActiveCfg = Release|Win32
		{AFFC88B6-0D92-43B4-BCE3-7D40D60DA6C7}.Release|x86.Build.0 = Release|Win32
		{58EC8186-570C-4187-9D74-4A576FE7D5FF}.Debug|x64.ActiveCfg = Debug|x64
		{58EC8186-570C-4187-9D74-4A576FE7D5FF}.Debug|x64.Build.0 = Debug|x64
		{58EC8186-570C-4187-9D74-4A576FE7D5FF}.Debug|x86.ActiveCfg = Debug|Win32
		{58EC8186-570C-4187-9D74-4A576FE7D5FF}.Debug|x86.Build.0 = Debug|Win32
		{58EC8186-570C-4187-9D74-4A576FE7D5FF}.Release|x64.ActiveCfg = Release|x64
		{58EC8186-570C-4187-9D74-4A576FE7D5FF}.Release|x64.Build.0 = Release|x64
		{58EC8186-570C-4187-9D74-4A576FE7D5FF}.Release|x86.ActiveCfg = Release|Win32
		{58EC8186-570C-4187-9D74-4A576FE7D5FF}.Release|x86.Build.0 = Release|Win32
		{1A55C684-4325-4C6A-9981-472E52C08047}.Debug|x64.ActiveCfg = Debug|x64
		{1A55C684-4325-4C6A-9981-472E52C08047}.Debug|x64.Build.0 = Debug|x64
		{1A55C684-4325-4C6A-9981-472E52C08047}.Debug|x86.ActiveCfg = Debug|Win32
		{1A55C684-4325-4C6A-9981-472E52C08047}.Debug|x86.Build.0 = Debug|Win32
		{1A55C684-4325-4C6A-9981-472E52C08047}.Release|x64.ActiveCfg = Release|x64
		{1A55C684-4325-4C6A-9981-472E52C08047}.Release|x64.Build.0 = Release|x64
		{1A55C684-4325-4C6A-9981-472E52C08047}.Release|x86.ActiveCfg = Release|Win32
		{1A55C684-4325-4C6A-9981-472E52C08047}.Release|x86.Build.0 = Release|Win32
		{8315E1AD-6F3D-4924-AC7B-9957D7C1BFE9}.Debug|x64.ActiveCfg = Debug|x64
		{8315E1AD-6F3D-4924-AC7B-9957D7C1BFE9}.Debug|x64.Build.0 = Debug|x64
		{8315E1AD-6F3D-4924-AC7B-9957D7C1BFE9}.Debug|x86.ActiveCfg = Debug|Win32
		{8315E1AD-6F3D-4924-AC7B-9957D7C1BFE9}.Debug|x86.Build.0 = Debug|Win32
		{8315E1AD-6F3D-4924-AC7B-9957D7C1BFE9}.Release|x64.ActiveCfg = Release|x64
		{8315E1AD-6F3D-4924-AC7B-9957D7C1BFE9}.Release|x64.Build.0 = Release|x64
		{8315E1AD-6F3D-4924-AC7B-9957D7C1BFE9}.Release|x86.ActiveCfg = Release|Win32
		{8315E1AD-6F3D-4924-AC7B-9957D7C1BFE9}.Release|x86.Build.0 = Release|Win32
		{74D289E3-2345-4851-B784-D92106E425D9}.Debug|x64.ActiveCfg = Debug|x64
		{74D289E3-2345-4851-B784-D92106E425D9}.Debug|x64.Build.0 = Debug|x64
		{74D289E3-2345-4851-B784-D92106E425D9}.Debug|x86.ActiveCfg = Debug|Win32
		{74D289E3-2345-4851-B784-D92106E425D9}.Debug|x86.Build.0 = Debug|Win32
		{74D289E3-2345-4851-B784-D92106E425D9}.Release|x64.ActiveCfg = Release|x64
		{74D289E3-2345-4851-B784-D92106E425D9}.Release|x64.Build.0 = Release|x64
		{74D289E3-2345-4851-B784-D92106E425D9}.Release|x86.ActiveCfg = Release|Win32
		{74D289E3-2345-4851-B784-D92106E425D9}.Release|x86.Build.0 = Release|Win32
		{74BB18CD-A193-4F8E-A2AE-7DCE3E07A720}.Debug|x64.ActiveCfg = Debug|x64
		{74BB18CD-A193-4F8E-A2AE-7DCE3E07A720}.Debug|x64.Build.0 = Debug|x64
		{74BB18CD-A193-4F8E-A2AE-7DCE3E07A720}.Debug|x86.ActiveCfg = Debug|Win32
		{74BB18CD-A193-4F8E-A2AE-7DCE3E07A720}.Debug|x86.Build.0 = Debug|Win32
		{74BB18CD-A193-4F8E-A2AE-7DCE3E07A720}.Release|x64.ActiveCfg = Release|x64
		{74BB18CD-A193-4F8E-A2AE-7DCE3E07A720}.Release|x64.Build.0 = Release|x64
		{74BB18CD-A193-4F8E-A2AE-7DCE3E07A720}.Release|x86.ActiveCfg = Release|Win32
		{74BB18CD-A193-4F8E-A2AE-7DCE3E07A720}.Release|x86.Build.0 = Release|Win32
		{61752ABA-B2C4-4678-8D66-4ACC7745BB6D}.Debug|x64.ActiveCfg = Debug|x64
		{61752ABA-B2C4-4678-8D66-4ACC7745BB6D}.Debug|x64.Build.0 = Debug|x64
		{61752ABA-B2C4-4678-8D66-4ACC7745BB6D}.Debug|x86.ActiveCfg = Debug|Win32
		{61752ABA-B2C4-4678-8D66-4ACC7745BB6D}.Debug|x86.Build.0 = Debug|Win32
		{61752ABA-B2C4-4678-8D66-4ACC7745BB6D}.Release|x64.ActiveCfg = Release|x64
		{61752ABA-B2C4-4678-8D66-4ACC7745BB6D}.Release|x64.Build.0 = Release|x64
		{61752ABA-B2C4-4678-8D66-4ACC7745BB6D}.Release|x86.ActiveCfg = Release|Win32
		{61752ABA-B2C4-4678-8D66-4ACC7745BB6D}.Release|x86.Build.0 = Release|Win32
		{0CFDD396-6796-4F3A-BAF8-D3DAF6ECAD00}.Debug|x64.ActiveCfg = Debug|x64
		{0CFDD396-6796-4F3A-BAF8-D3DAF6ECAD00}.Debug|x64.Build.0 = Debug|x64
		{0CFDD396-6796-4F3A-BAF8-D3DAF6ECAD00}.Debug|x86.ActiveCfg = Debug|Win32
		{0CFDD396-6796-4F3A-BAF8-D3DAF6ECAD00}.Debug|x86.Build.0 = Debug|Win32
		{0CFDD396-6796-4F3A-BAF8-D3DAF6ECAD00}.Release|x64.ActiveCfg = Release|x64
		{0CFDD396-6796-4F3A-BAF8-D3DAF6ECAD00}.Release|x64.Build.0 = Release|x64
		{0CFDD396-6796-4F3A-BAF8-D3DAF6ECAD00}.Release|x86.ActiveCfg = Release|Win32
		{0CFDD396-6796-4F3A-BAF8-D3DAF6ECAD00}.Release|x86.Build.0 = Release|Win32
		{B78D50F5-B4A4-4D2D-91E1-5A85D0C9B11E}.Debug|x64.ActiveCfg = Debug|x64
		{B78D50F5-B4A4-4D2D-91E1-5A85D0C9B11E}.Debug|x64.Build.0 = Debug|x64
		{B78D50F5-B4A4-4D2D-91E1-5A85D0C9B11E}.Debug|x86.ActiveCfg = Debug|Win32
		{B78D50F5-B4A4-4D2D-91E1-5A85D0C9B11E}.Debug|x86.Build.0 = Debug|Win32
		{B78D50F5-B4A4-4D2D-91E1-5A85D0C9B11E}.Release|x64.ActiveCfg = Release|x64
		{B78D50F5-B4A4-4D2D-91E1-5A85D0C9B11E}.Release|x64.Build.0 = Release|x64
		{B78D50F5-B4A4-4D2D-91E1-5A85D0C9B11E}.Release|x86.ActiveCfg = Release|Win32
		{B78D50F5-B4A4-4D2D-91E1-5A85D0C9B11E}.Release|x86.Build.0 = Release|Win32
		{6B1DEB94-8B36-480B-AD9E-4794CCB5E391}.Debug|x64.ActiveCfg = Debug|x64
		{6B1DEB94-8B36-480B-AD9E-4794CCB5E391}.Debug|x64.Build.0 = Debug|x64
		{6B1DEB94-8B36-480B-AD9E-4794CCB5E391}.Debug|x86.ActiveCfg = Debug|Win32
		{6B1DEB94-8B36-480B-AD9E-4794CCB5E391}.Debug|x86.Build.0 = Debug|Win32
		{6B1DEB94-8B36-480B-AD9E-4794CCB5E391}.Release|x64.ActiveCfg = Release|x64
		{6B1DEB94-8B36-480B-AD9E-4794CCB5E391}.Release|x64.Build.0 = Release|x64
		{6B1DEB94-8B36-480B-AD9E-4794CCB5E391}.Release|x86.ActiveCfg = Release|Win32
		{6B1DEB94-8B36-480B-AD9E-4794CCB5E391}.Release|x86.Build.0 = Release|Win32
		{6D7434B1-D6A7-4BFA-8F20-8BBB6534666C}.Debug|x64.ActiveCfg = Debug|x64
		{6D7434B1-D6A7-4BFA-8F20-8BBB6534666C}.Debug|x64.Build.0 = Debug|x64
		{6D7434B1-D6A7-4BFA-8F20-8BBB6534666C}.Debug|x86.ActiveCfg = Debug|Win32
		{6D7434B1-D6A7-4BFA-8F20-8BBB6534666C}.Debug|x86.Build.0 = Debug|Win32
		{6D7434B1-D6A7-4BFA-8F20-8BBB6534666C}.Release|x64.ActiveCfg = Release|x64
		{6D7434B1-D6A7-4BFA-8F20-8BBB6534666C}.Release|x64.Build.0 = Release|x64
		{6D7434B1-D6A7-4BFA-8F20-8BBB6534666C}.Release|x86.ActiveCfg = Release|Win32
		{6D7434B1-D6A7-4BFA-8F20-8BBB6534666C}.Release|x86.Build.0 = Release|Win32
		{B0C95FF4-5507-4AA1-93E3-071A8C6C03A2}.Debug|x64.ActiveCfg = Debug|x64
		{B0C95FF4-5507-4AA1-93E3-071A8C6C03A2}.Debug|x64.Build.0 = Debug|x64
		{B0C95FF4-5507-4AA1-93E3-071A8C6C03A2}.Debug|x86.ActiveCfg = Debug|Win32
		{B0C95FF4-5507-4AA1-93E3-071A8C6C03A2}.Debug|x86.Build.0 = Debug|Win32
		{B0C95FF4-5507-4AA1-93E3-071A8C6C03A2}.Release|x64.ActiveCfg = Release|x64
		{B0C95FF4-5507-4AA1-93E3-071A8C6C03A2}.Release|x64.Build.0 = Release|x64
		{B0C95FF4-5507-4AA1-93E3-071A8C6C03A2}.Release|x86.ActiveCfg = Release|Win32
		{B0C95FF4-5507-4AA1-93E3-071A8C6C03A2}.Release|x86.Build.0 = Release|Win32
		{1ED52A30-F336-4B86-9805-8253DEAEBB14}.Debug|x64.ActiveCfg = Debug|x64
		{1ED52A30-F336-4B86-9805-8253DEAEBB14}.Debug|x64.Build.0 = Debug|x64
		{1ED52A30-F336-4B86-9805-8253DEAEBB14}.Debug|x86.ActiveCfg = Debug|Win32
		{1ED52A30-F336-4B86-9805-8253DEAEBB14}.Debug|x86.Build.0 = Debug|Win32
		{1ED52A30-F336-4B86-9805-8253DEAEBB14}.Release|x64.ActiveCfg = Release|x64
		{1ED52A30-F336-4B86-9805-8253DEAEBB14}.Release|x64.Build.0 = Release|x64
		{1ED52A30-F336-4B86-9805-8253DEAEBB14}.Release|x86.ActiveCfg = Release|Win32
		{1ED52A30-F336-4B86-9805-8253DEAEBB14}.Release|x86.Build.0 = Release|Win32
		{1A432882-B748-4057-A0D8-3BD2A2FF6E63}.Debug|x64.ActiveCfg = Debug|x64
		{1A432882-B748-4057-A0D8-3BD2A2FF6E63}.Debug|x64.Build.0 = Debug|x64
		{1A432882-B748-4057-A0D8-3BD2A2FF6E63}.Debug|x86.ActiveCfg = Debug|Win32
		{1A432882-B748-4057-A0D8-3BD2A2FF6E63}.Debug|x86.Build.0 = Debug|Win32
		{1A432882-B748-4057-A0D8-3BD2A2FF6E63}.Release|x64.ActiveCfg = Release|x64
		{1A432882-B748-4057-A0D8-3BD2A2FF6E63}.Release|x64.Build.0 = Release|x64
		{1A432882-B748-4057-A0D8-3BD2A2FF6E63}.Release|x86.ActiveCfg = Release|Win32
		{1A432882-B748-4057-A0D8-3BD2A2FF6E63}.Release|x86.Build.0 = Release|Win32
		{A065DE25-BBB1-40A8-A129-9E53FFF8E5E4}.Debug|x64.ActiveCfg = Debug|x64
		{A065DE25-BBB1-40A8-A129-9E53FFF8E5E4}.Debug|x64.Build.0 = Debug|x64
		{A065DE25-BBB1-40A8-A129-9E53FFF8E5E4}.Debug|x86.ActiveCfg = Debug|Win32
		{A065DE25-BBB1-40A8-A129-9E53FFF8E5E4}.Debug|x86.Build.0 = Debug|Win32
		{A065DE25-BBB1-40A8-A129-9E53FFF8E5E4}.Release|x64.ActiveCfg = Release|x64
		{A065DE25-BBB1-40A8-A129-9E53FFF8E5E4}.Release|x64.Build.0 = Release|x64
		{A065DE25-BBB1-40A8-A129-9E53FFF8E5E4}.Release|x86.ActiveCfg = Release|Win32
		{A065DE25-BBB1-40A8-A129-9E53FFF8E5E4}.Release|x86.Build.0 = Release|Win32
		{E24E6C2A-9761-48BA-A063-96B2713157CD}.Debug|x64.ActiveCfg = Debug|x64
		{E24E6C2A-9761-48BA-A063-96B2713157CD}.Debug|x64.Build.0 = Debug|x64
		{E24E6C2A-9761-48BA-A063-96B2713157CD}.Debug|x86.ActiveCfg = Debug|Win32
		{E24E6C2A-9761-48BA-A063-96B2713157CD}.Debug|x86.Build.0 = Debug|Win32
		{E24E6C2A-9761-48BA-A063-96B2713157CD}.Release|x64.ActiveCfg = Release|x64
		{E24E6C2A-9761-48BA-A063-96B2713157CD}.Release|x64.Build.0 = Release|x64
		{E24E6C2A-9761-48BA-A063-96B2713157CD}.Release|x86.ActiveCfg = Release|Win32
		{E24E6C2A-9761-48BA-A063-96B2713157CD}.Release|x86.Build.0 = Release|Win32
		{01F25131-8EEC-4047-A7CA-F239D03C2EA4}.Debug|x64.ActiveCfg = Debug|x64
		{01F25131-8EEC-4047-A7CA-F239D03C2EA4}.Debug|x64.Build.0 = Debug|x64
		{01F25131-8EEC-4047-A7CA-F239D03C2EA4}.Debug|x86.ActiveCfg = Debug|Win32
		{01F25131-8EEC-4047-A7CA-F239D03C2EA4}.Debug|x86.Build.0 = Debug|Win32
		{01F25131-8EEC-4047-A7CA-F239D03C2EA4}.Release|x64.ActiveCfg = Release|x64
		{01F25131-8EEC-4047-A7CA-F239D03C2EA4}.Release|x64.Build.0 = Release|x64
		{01F25131-8EEC-4047-A7CA-F239D03C2EA4}.Release|x86.ActiveCfg = Release|Win32
		{01F25131-8EEC-4047-A7CA-F239D03C2EA4}.Release|x86.Build.0 = Release|Win32
		{C6C0F079-C467-4AA3-91D6-2223C344AE84}.Debug|x64.ActiveCfg = Debug|x64
		{C6C0F079-C467-4AA3-91D6-2223C344AE84}.Debug|x64.Build.0 = Debug|x64
		{C6C0F079-C467-4AA3-91D6-2223C344AE84}.Debug|x86.ActiveCfg = Debug|Win32
		{C6C0F079-C467-4AA3-91D6-2223C344AE84}.Debug|x86.Build.0 = Debug|Win32
		{C6C0F079-C467-4AA3-91D6-2223C344AE84}.Release|x64.ActiveCfg = Release|x64
		{C6C0F079-C467-4AA3-91D6-2223C344AE84}.Release|x64.Build.0 = Release|x64
		{C6C0F079-C467-4AA3-91D6-2223C344AE84}.Release|x86.ActiveCfg = Release|Win32
		{C6C0F079-C467-4AA3-91D6-2223C344AE84}.Release|x86.Build.0 = Release|Win32
		{D9A5F7F0-2895-4C8F-BA43-654835D9D747}.Debug|x64.ActiveCfg = Debug|x64
		{D9A5F7F0-2895-4C8F-BA43-654835D9D747}.Debug|x64.Build.0 = Debug|x64
		{D9A5F7F0-2895-4C8F-BA43-654835D9D747}.Debug|x86.ActiveCfg = Debug|Win32
		{D9A5F7F0-2895-4C8F-BA43-654835D9D747}.Debug|x86.Build.0 = Debug|Win32
		{D9A5F7F0-2895-4C8F-BA43-654835D9D747}.Release|x64.ActiveCfg = Release|x64
		{D9A5F7F0-2895-4C8F-BA43-654835D9D747}.Release|x64.Build.0 = Release|x64
		{D9A5F7F0-2895-4C8F-BA43-654835D9D747}.Release|x86.ActiveCfg = Release|Win32
		{D9A5F7F0-2895-4C8F-BA43-654835D9D747}.Release|x86.Build.0 = Release|Win32
		{CBC24213-2852-4B35-AC1C-43D3E434D077}.Debug|x64.ActiveCfg = Debug|x64
		{CBC24213-2852-4B35-AC1C-43D3E434D077}.Debug|x64.Build.0 = Debug|x64
		{CBC24213-2852-4B35-AC1C-43D3E434D077}.Debug|x86.ActiveCfg = Debug|Win32
		{CBC24213-2852-4B35-AC1C-43D3E434D077}.Debug|x86.Build.0 = Debug|Win32
		{CBC24213-2852-4B35-AC1C-43D3E434D077}.Release|x64.ActiveCfg = Release|x64
		{CBC24213-2852-4B35-AC1C-43D3E434D077}.Release|x64.Build.0 = Release|x64
		{CBC24213-2852-4B35-AC1C-43D3E434D077}.Release|x86.ActiveCfg = Release|Win32
		{CBC24213-2852-4B35-AC1C-43D3E434D077}.Release|x86.Build.0 = Release|Win32
		{6A549829-4348-4FCA-A208-C8DF14745986}.Debug|x64.ActiveCfg = Debug|x64
		{6A549829-4348-4FCA-A208-C8DF14745986}.Debug|x64.Build.0 = Debug|x64
		{6A549829-4348-4FCA-A208-C8DF14745986}.Debug|x86.ActiveCfg = Debug|Win32
		{6A549829-4348-4FCA-A208-C8DF14745986}.Debug|x86.Build.0 = Debug|Win32
		{6A549829-4348-4FCA-A208-C8DF14745986}.Release|x64.ActiveCfg = Release|x64
		{6A549829-4348-4FCA-A208-C8DF14745986}.Release|x64.Build.0 = Release|x64
		{6A549829-4348-4FCA-A208-C8DF14745986}.Release|x86.ActiveCfg = Release|Win32
		{6A549829-4348-4FCA-A208-C8DF14745986}.Release|x86.Build.0 = Release|Win32
		{3A46EC8F-B88D-4EE6-9034-4BF3611540DC}.Debug|x64.ActiveCfg = Debug|x64
		{3A46EC8F-B88D-4EE6-9034-4BF3611540DC}.Debug|x64.Build.0 = Debug|x64
		{3A46EC8F-B88D-4EE6-9034-4BF3611540DC}.Debug|x86.ActiveCfg = Debug|Win32
		{3A46EC8F-B88D-4EE6-9034-4BF3611540DC}.Debug|x86.Build.0 = Debug|Win32
		{3A46EC8F-B88D-4EE6-9034-4BF3611540DC}.Release|x64.ActiveCfg = Release|x64
		{3A46EC8F-B88D-4EE6-9034-4BF3611540DC}.Release|x64.Build.0 = Release|x64
		{3A46EC8F-B88D-4EE6-9034-4BF3611540DC}.Release|x86.ActiveCfg = Release|Win32
		{3A46EC8F-B88D-4EE6-9034-4BF3611540DC}.Release|x86.Build.0 = Release|Win32
		{4BF0F68B-04BB-4657-AEA7-B46B620EA641}.Debug|x64.ActiveCfg = Debug|x64
		{4BF0F68B-04BB-4657-AEA7-B46B620EA641}.Debug|x64.Build.0 = Debug|x64
		{4BF0F68B-04BB-4657-AEA7-B46B620EA641}.Debug|x86.ActiveCfg = Debug|Win32
		{4BF0F68B-04BB-4657-AEA7-B46B620EA641}.Debug|x86.Build.0 = Debug|Win32
		{4BF0F68B-04BB-4657-AEA7-B46B620EA641}.Release|x64.ActiveCfg = Release|x64
		{4BF0F68B-04BB-4657-AEA7-B46B620EA641}.Release|x64.Build.0 = Release|x64
		{4BF0F68B-04BB-4657-AEA7-B46B620EA641}.Release|x86.ActiveCfg = Release|Win32
		{4BF0F68B-04BB-4657-AEA7-B46B620EA641}.Release|x86.Build.0 = Release|Win32
		{C3316C24-9A63-4D01-95FD-239EB965AD2A}.Debug|x64.ActiveCfg = Debug|x64
		{C3316C24-9A63-4D01-95FD-239EB965AD2A}.Debug|x64.Build.0 = Debug|x64
		{C3316C24-9A63-4D01-95FD-239EB965AD2A}.Debug|x86.ActiveCfg = Debug|Win32
		{C3316C24-9A63-4D01-95FD-239EB965AD2A}.Debug|x86.Build.0 = Debug|Win32
		{C3316C24-9A63-4D01-95FD-239EB965AD2A}.Release|x64.ActiveCfg = Release|x64
		{C3316C24-9A63-4D01-95FD-239EB965AD2A}.Release|x64.Build.0 = Release|x64
		{C3316C24-9A63-4D01-95FD-239EB965AD2A}.Release|x86.ActiveCfg = Release|Win32
		{C3316C24-9A63-4D01-95FD-239EB965AD2A}.Release|x86.Build.0 = Release|Win32
		{F48FD055-9AE8-401D-BB81-91F1D7F725FA}.Debug|x64.ActiveCfg = Debug|x64
		{F48FD055-9AE8-401D-BB81-91F1D7F725FA}.Debug|x64.Build.0 = Debug|x64
		{F48FD055-9AE8-401D-BB81-91F1D7F725FA}.Debug|x86.ActiveCfg = Debug|Win32
		{F48FD055-9AE8-401D-BB81-91F1D7F725FA}.Debug|x86.Build.0 = Debug|Win32
		{F48FD055-9AE8-401D-BB81-91F1D7F725FA}.Release|x64.ActiveCfg = Release|x64
		{F48FD055-9AE8-401D-BB81-91F1D7F725FA}.Release|x64.Build.0 = Release|x64
		{F48FD055-9AE8-401D-BB81-91F1D7F725FA}.Release|x86.ActiveCfg = Release|Win32
		{F48FD055-9AE8-401D-BB81-91F1D7F725FA}.Release|x86.Build.0 = Release|Win32
		{1ACCBD8B-4C98-49B2-BAED-C43522A8D5E2}.Debug|x64.ActiveCfg = Debug|x64
		{1ACCBD8B-4C98-49B2-BAED-C43522A8D5E2}.Debug|x64.Build.0 = Debug|x64
		{1ACCBD8B-4C98-49B2-BAED-C43522A8D5E2}.Debug|x86.ActiveCfg = Debug|Win32
		{1ACCBD8B-4C98-49B2-BAED-C43522A8D5E2}.Debug|x86.Build.0 = Debug|Win32
		{1ACCBD8B-4C98-49B2-BAED-C43522A8D5E2}.Release|x64.ActiveCfg = Release|x64
		{1ACCBD8B-4C98-49B2-BAED-C43522A8D5E2}.Release|x64.Build.0 = Release|x64
		{1ACCBD8B-4C98-49B2-BAED-C43522A8D5E2}.Release|x86.ActiveCfg = Release|Win32
		{1ACCBD8B-4C98-49B2-BAED-C43522A8D5E2}.Release|x86.Build.0 = Release|Win32
		{7E974A84-20A7-4149-8E38-3FAD34E0DCE7}.Debug|x64.ActiveCfg = Debug|x64
		{7E974A84-20A7-4149-8E38-3FAD34E0DCE7}.Debug|x64.Build.0 = Debug|x64
		{7E974A84-20A7-4149-8E38-3FAD34E0DCE7}.Debug|x86.ActiveCfg = Debug|Win32
		{7E974A84-20A7-4149-8E38-3FAD34E0DCE7}.Debug|x86.Build.0 = Debug|Win32
		{7E974A84-20A7-4149-8E38-3FAD34E0DCE7}.Release|x64.ActiveCfg = Release|x64
		{7E974A84-20A7-4149-8E38-3FAD34E0DCE7}.Release|x64.Build.0 = Release|x64
		{7E974A84-20A7-4149-8E38-3FAD34E0DCE7}.Release|x86.ActiveCfg = Release|Win32
		{7E974A84-20A7-4149-8E38-3FAD34E0DCE7}.Release|x86.Build.0 = Release|Win32
		{4A15896A-21F3-4864-8715-F1803C620723}.Debug|x64.ActiveCfg = Debug|x64
		{4A15896A-21F3-4864-8715-F1803C620723}.Debug|x64.Build.0 = Debug|x64
		{4A15896A-21F3-4864-8715-F1803C620723}.Debug|x86.ActiveCfg = Debug|Win32
		{4A15896A-21F3-4864-8715-F1803C620723}.Debug|x86.Build.0 = Debug|Win32
		{4A15896A-21F3-4864-8715-F1803C620723}.Release|x64.ActiveCfg = Release|x64
		{4A15896A-21F3-4864-8715-F1803C620723}.Release|x64.Build.0 = Release|x64
		{4A15896A-21F3-4864-8715-F1803C620723}.Release|x86.ActiveCfg = Release|Win32
		{4A15896A-21F3-4864-8715-F1803C620723}.Release|x86.Build.0 = Release|Win32
		{A3037D95-A8A9-48B0-A380-10FECD5B1E08}.Debug|x64.ActiveCfg = Debug|x64
		{A3037D95-A8A9-48B0-A380-10FECD5B1E08}.Debug|x64.Build.0 = Debug|x64
		{A3037D95-A8A9-48B0-A380-10FECD5B1E08}.Debug|x86.ActiveCfg = Debug|Win32
		{A3037D95-A8A9-48B0-A380-10FECD5B1E08}.Debug|x86.Build.0 = Debug|Win32
		{A3037D95-A8A9-48B0-A380-10FECD5B1E08}.Release|x64.ActiveCfg = Release|x64
		{A3037D95-A8A9-48B0-A380-10FECD5B1E08}.Release|x64.Build.0 = Release|x64
		{A3037D95-A8A9-48B0-A380-10FECD5B1E08}.Release|x86.ActiveCfg = Release|Win32
		{A3037D95-A8A9-48B0-A380-10FECD5B1E08}.Release|x86.Build.0 = Release|Win32
		{FBDE8030-BD04-4F85-A73B-2E9C0FB736A3}.Debug|x64.ActiveCfg = Debug|x64
		{FBDE8030-BD04-4F85-A73B-2E9C0FB736A3}.Debug|x64.Build.0 = Debug|x64
		{FBDE8030-BD04-4F85-A73B-2E9C0FB736A3}.Debug|x86.ActiveCfg = Debug|Win32
		{FBDE8030-BD04-4F85-A73B-2E9C0FB736A3}.Debug|x86.Build.0 = Debug|Win32
		{FBDE8030-BD04-4F85-A73B-2E9C0FB736A3}.Release|x64.ActiveCfg = Release|x64
		{FBDE8030-BD04-4F85-A73B-2E9C0FB736A3}.Release|x64.Build.0 = Release|x64
		{FBDE8030-BD04-4F85-A73B-2E9C0FB736A3}.Release|x86.ActiveCfg = Release|Win32
		{FBDE8030-BD04-4F85-A73B-2E9C0FB736A3}.Release|x86.Build.0 = Release|Win32
		{AE6B0685-DE54-4AC3-B35D-91A184388910}.Debug|x64.ActiveCfg = Debug|x64
		{AE6B0685-DE54-4AC3-B35D-91A184388910}.Debug|x64.Build.0 = Debug|x64
		{AE6B0685-DE54-4AC3-B35D-91A184388910}.Debug|x86.ActiveCfg = Debug|Win32
		{AE6B0685-DE54-4AC3-B35D-91A184388910}.Debug|x86.Build.0 = Debug|Win32
		{AE6B0685-DE54-4AC3-B35D-91A184388910}.Release|x64.ActiveCfg = Release|x64
		{AE6B0685-DE54-4AC3-B35D-91A184388910}.Release|x64.Build.0 = Release|x64
		{AE6B0685-DE54-4AC3-B35D-91A184388910}.Release|x86.ActiveCfg = Release|Win32
		{AE6B0685-DE54-4AC3-B35D-91A184388910}.Release|x86.Build.0 = Release|Win32
		{9B2728E2-125B-41A1-A258-51F6ED095C34}.Debug|x64.ActiveCfg = Debug|x64
		{9B2728E2-125B-41A1-A258-51F6ED095C34}.Debug|x64.Build.0 = Debug|x64
		{9B2728E2-125B-41A1-A258-51F6ED095C34}.Debug|x86.ActiveCfg = Debug|Win32
		{9B2728E2-125B-41A1-A258-51F6ED095C34}.Debug|x86.Build.0 = Debug|Win32
		{9B2728E2-125B-41A1-A258-51F6ED095C34}.Release|x64.ActiveCfg = Release|x64
		{9B2728E2-125B-41A1-A258-51F6ED095C34}.Release|x64.Build.0 = Release|x64
		{9B2728E2-125B-41A1-A258-51F6ED095C34}.Release|x86.ActiveCfg = Release|Win32
		{9B2728E2-125B-41A1-A258-51F6ED095C34}.Release|x86.Build.0 = Release|Win32
		{B25E1D26-5E1D-45E3-BD08-1A19569DAA08}.Debug|x64.ActiveCfg = Debug|x64
		{B25E1D26-5E1D-45E3-BD08-1A19569DAA08}.Debug|x64.Build.0 = Debug|x64
		{B25E1D26-5E1D-45E3-BD08-1A19569DAA08}.Debug|x86.ActiveCfg = Debug|Win32
		{B25E1D26-5E1D-45E3-BD08-1A19569DAA08}.Debug|x86.Build.0 = Debug|Win32
		{B25E1D26-5E1D-45E3-BD08-1A19569DAA08}.Release|x64.ActiveCfg = Release|x64
		{B25E1D26-5E1D-45E3-BD08-1A19569DAA08}.Release|x64.Build.0 = Release|x64
		{B25E1D26-5E1D-45E3-BD08-1A19569DAA08}.Release|x86.ActiveCfg = Release|Win32
		{B25E1D26-5E1D-45E3-BD08-1A19569DAA08}.Release|x86.Build.0 = Release|Win32
		{C9288DFA-5871-4856-B96E-C76D1F92FC25}.Debug|x64.ActiveCfg = Debug|x64
		{C9288DFA-5871-4856-B96E-C76D1F92FC25}.Debug|x64.Build.0 = Debug|x64
		{C9288DFA-5871-4856-B96E-C76D1F92FC25}.Debug|x86.ActiveCfg = Debug|Win32
		{C9288DFA-5871-4856-B96E-C76D1F92FC25}.Debug|x86.Build.0 = Debug|Win32
		{C9288DFA-5871-4856-B96E-C76D1F92FC25}.Release|x64.ActiveCfg = Release|x64
		{C9288DFA-5871-4856-B96E-C76D1F92FC25}.Release|x64.Build.0 = Release|x64
		{C9288DFA-5871-4856-B96E-C76D1F92FC25}.Release|x86.ActiveCfg = Release|Win32
		{C9288DFA-5871-4856-B96E-C76D1F92FC25}.Release|x86.Build.0 = Release|Win32
		{0AF0C4C1-0C71-44FC-8617-C7158341B527}.Debug|x64.ActiveCfg = Debug|x64
		{0AF0C4C1-0C71-44FC-8617-C7158341B527}.Debug|x64.Build.0 = Debug|x64
		{0AF0C4C1-0C71-44FC-8617-C7158341B527}.Debug|x86.ActiveCfg = Debug|Win32
		{0AF0C4C1-0C71-44FC-8617-C7158341B527}.Debug|x86.Build.0 = Debug|Win32
		{0AF0C4C1-0C71-44FC-8617-C7158341B527}.Release|x64.ActiveCfg = Release|x64
		{0AF0C4C1-0C71-44FC-8617-C7158341B527}.Release|x64.Build.0 = Release|x64
		{0AF0C4C1-0C71-44FC-8617-C7158341B527}.Release|x86.ActiveCfg = Release|Win32
		{0AF0C4C1-0C71-44FC-8617-C7158341B527}.Release|x86.Build.0 = Release|Win32
		{4A2841FB-4072-4759-81C3-EFD4E389F151}.Debug|x64.ActiveCfg = Debug|x64
		{4A2841FB-4072-4759-81C3-EFD4E389F151}.Debug|x64.Build.0 = Debug|x64
		{4A2841FB-4072-4759-81C3-EFD4E389F151}.Debug|x86.ActiveCfg = Debug|Win32
		{4A2841FB-4072-4759-81C3-EFD4E389F151}.Debug|x86.Build.0 = Debug|Win32
		{4A2841FB-4072-4759-81C3-EFD4E389F151}.Release|x64.ActiveCfg = Release|x64
		{4A2841FB-4072-4759-81C3-EFD4E389F151}.Release|x64.Build.0 = Release|x64
		{4A2841FB-4072-4759-81C3-EFD4E389F151}.Release|x86.ActiveCfg = Release|Win32
		{4A2841FB-4072-4759-81C3-EFD4E389F151}.Release|x86.Build.0 = Release|Win32
		{4B975C81-AE21-4D70-9E02-9392B472A0D2}.Debug|x64.ActiveCfg = Debug|x64
		{4B975C81-AE21-4D70-9E02-9392B472A0D2}.Debug|x64.Build.0 = Debug|x64
		{4B975C81-AE21-4D70-9E02-9392B472A0D2}.Debug|x86.ActiveCfg = Debug|Win32
		{4B975C81-AE21-4D70-9E02-9392B472A0D2}.Debug|x86.Build.0 = Debug|Win32
		{4B975C81-AE21-4D70-9E02-9392B472A0D2}.Release|x64.ActiveCfg = Release|x64
		{4B975C81-AE21-4D70-9E02-9392B472A0D2}.Release|x64.Build.0 = Release|x64
		{4B975C81-AE21-4D70-9E02-9392B472A0D2}.Release|x86.ActiveCfg = Release|Win32
		{4B975C81-AE21-4D70-9E02-9392B472A0D2}.Release|x86.Build.0 = Release|Win32
		{69B8E08A-35D2-4151-B4AC-AE7ED40AE5CB}.Debug|x64.ActiveCfg = Debug|x64
		{69B8E08A-35D2-4151-B4AC-AE7ED40AE5CB}.Debug|x64.Build.0 = Debug|x64
		{69B8E08A-35D2-4151-B4AC-AE7ED40AE5CB}.Debug|x86.ActiveCfg = Debug|Win32
		{69B8E08A-35D2-4151-B4AC-AE7ED40AE5CB}.Debug|x86.Build.0 = Debug|Win32
		{69B8E08A-35D2-4151-B4AC-AE7ED40AE5CB}.Release|x64.ActiveCfg = Release|x64
		{69B8E08A-35D2-4151-B4AC-AE7ED40AE5CB}.Release|x64.Build.0 = Release|x64
		{69B8E08A-35D2-4151-B4AC-AE7ED40AE5CB}.Release|x86.ActiveCfg = Release|Win32
		{69B8E08A-35D2-4151-B4AC-AE7ED40AE5CB}.Release|x86.Build.0 = Release|Win32
		{3D70EF61-A4D7-4074-8895-79B082EC9CC1}.Debug|x64.ActiveCfg = Debug|x64
		{3D70EF61-A4D7-4074-8895-79B082EC9CC1}.Debug|x64.Build.0 = Debug|x64
		{3D70EF61-A4D7-4074-8895-79B082EC9CC1}.Debug|x86.ActiveCfg = Debug|Win32
		{3D70EF61-A4D7-4074-8895-79B082EC9CC1}.Debug|x86.Build.0 = Debug|Win32
		{3D70EF61-A4D7-4074-8895-79B082EC9CC1}.Release|x64.ActiveCfg = Release|x64
		{3D70EF61-A4D7-4074-8895-79B082EC9CC1}.Release|x64.Build.0 = Release|x64
		{3D70EF61-A4D7-4074-8895-79B082EC9CC1}.Release|x86.ActiveCfg = Release|Win32
		{3D70EF61-A4D7-4074-8895-79B082EC9CC1}.Release|x86.Build.0 = Release|Win32
		{4E65A501-3472-4BC6-ABB6-3EB5270D4BDC}.Debug|x64.ActiveCfg = Debug|x64
		{4E65A501-3472-4BC6-ABB6-3EB5270D4BDC}.Debug|x64.Build.0 = Debug|x64
		{4E65A501-3472-4BC6-ABB6-3EB5270D4BDC}.Debug|x86.ActiveCfg = Debug|Win32
		{4E65A501-3472-4BC6-ABB6-3EB5270D4BDC}.Debug|x86.Build.0 = Debug|Win32
		{4E65A501-3472-4BC6-ABB6-3EB5270D4BDC}.Release|x64.ActiveCfg = Release|x64
		{4E65A501-3472-4BC6-ABB6-3EB5270D4BDC}.Release|x64.Build.0 = Release|x64
		{4E65A501-3472-4BC6-ABB6-3EB5270D4BDC}.Release|x86.ActiveCfg = Release|Win32
		{4E65A501-3472-4BC6-ABB6-3EB5270D4BDC}.Release|x86.Build.0 = Release|Win32
		{3383E6B8-420A-4028-947D-69B513DDC12F}.Debug|x64.ActiveCfg = Debug|x64
		{3383E6B8-420A-4028-947D-69B513DDC12F}.Debug|x64.Build.0 = Debug|x64
		{3383E6B8-420A-4028-947D-69B513DDC12F}.Debug|x86.ActiveCfg = Debug|Win32
		{3383E6B8-420A-4028-947D-69B513DDC12F}.Debug|x86.Build.0 = Debug|Win32
		{3383E6B8-420A-4028-947D-69B513DDC12F}.Release|x64.ActiveCfg = Release|x64
		{3383E6B8-420A-4028-947D-69B513DDC12F}.Release|x64.Build.0 = Release|x64
		{3383E6B8-420A-4028-947D-69B513DDC12F}.Release|x86.ActiveCfg = Release|Win32
		{3383E6B8-420A-4028-947D-69B513DDC12F}.Release|x86.Build.0 = Release|Win32
		{50E82296-6DFA-4B82-906B-AF7587C8DA36}.Debug|x64.ActiveCfg = Debug|x64
		{50E82296-6DFA-4B82-906B-AF7587C8DA36}.Debug|x64.Build.0 = Debug|x64
		{50E82296-6DFA-4B82-906B-AF7587C8DA36}.Debug|x86.ActiveCfg = Debug|Win32
		{50E82296-6DFA-4B82-906B-AF7587C8DA36}.Debug|x86.Build.0 = Debug|Win32
		{50E82296-6DFA-4B82-906B-AF7587C8DA36}.Release|x64.ActiveCfg = Release|x64
		{50E82296-6DFA-4B82-906B-AF7587C8DA36}.Release|x64.Build.0 = Release|x64
		{50E82296-6DFA-4B82-906B-AF7587C8DA36}.Release|x86.ActiveCfg = Release|Win32
		{50E82296-6DFA-4B82-906B-AF7587C8DA36}.Release|x86.Build.0 = Release|Win32
		{336B9664-0AAA-44E7-8611-F9E435F1A529}.Debug|x64.ActiveCfg = Debug|x64
		{336B9664-0AAA-44E7-8611-F9E435F1A529}.Debug|x64.Build.0 = Debug|x64
		{336B9664-0AAA-44E7-8611-F9E435F1A529}.Debug|x86.ActiveCfg = Debug|Win32
		{336B9664-0AAA-44E7-8611-F9E435F1A529}.Debug|x86.Build.0 = Debug|Win32
		{336B9664-0AAA-44E7-8611-F9E435F1A529}.Release|x64.ActiveCfg = Release|x64
		{336B9664-0AAA-44E7-8611-F9E435F1A529}.Release|x64.Build.0 = Release|x64
		{336B9664-0AAA-44E7-8611-F9E435F1A529}.Release|x86.ActiveCfg = Release|Win32
		{336B9664-0AAA-44E7-8611-F9E435F1A529}.Release|x86.Build.0 = Release|Win32
		{D820DE04-C750-485D-8F26-E9BD80A23C2B}.Debug|x64.ActiveCfg = Debug|x64
		{D820DE04-C750-485D-8F26-E9BD80A23C2B}.Debug|x64.Build.0 = Debug|x64
		{D820DE04-C750-485D-8F26-E9BD80A23C2B}.Debug|x86.ActiveCfg = Debug|Win32
		{D820DE04-C750-485D-8F26-E9BD80A23C2B}.Debug|x86.Build.0 = Debug|Win32
		{D820DE04-C750-485D-8F26-E9BD80A23C2B}.Release|x64.ActiveCfg = Release|x64
		{D820DE04-C750-485D-8F26-E9BD80A23C2B}.Release|x64.Build.0 = Release|x64
		{D820DE04-C750-485D-8F26-E9BD80A23C2B}.Release|x86.ActiveCfg = Release|Win32
		{D820DE04-C750-485D-8F26-E9BD80A23C2B}.Release|x86.Build.0 = Release|Win32
		{B575CA48-2047-4D2E-86A2-75BD4B129299}.Debug|x64.ActiveCfg = Debug|x64
		{B575CA48-2047-4D2E-86A2-75BD4B129299}.Debug|x64.Build.0 = Debug|x64
		{B575CA48-2047-4D2E-86A2-75BD4B129299}.Debug|x86.ActiveCfg = Debug|Win32
		{B575CA48-2047-4D2E-86A2-75BD4B129299}.Debug|x86.Build.0 = Debug|Win32
		{B575CA48-2047-4D2E-86A2-75BD4B129299}.Release|x64.ActiveCfg = Release|x64
		{B575CA48-2047-4D2E-86A2-75BD4B129299}.Release|x64.Build.0 = Release|x64
		{B575CA48-2047-4D2E-86A2-75BD4B129299}.Release|x86.ActiveCfg = Release|Win32
		{B575CA48-2047-4D2E-86A2-75BD4B129299}.Release|x86.Build.0 = Release|Win32
		{67BD8521-DBF3-40B6-971F-ABC804D1B9C3}.Debug|x64.ActiveCfg = Debug|x64
		{67BD8521-DBF3-40B6-971F-ABC804D1B9C3}.Debug|x64.Build.0 = Debug|x64
		{67BD8521-DBF3-40B6-971F-ABC804D1B9C3}.Debug|x86.ActiveCfg = Debug|Win32
		{67BD8521-DBF3-40B6-971F-ABC804D1B9C3}.Debug|x86.Build.0 = Debug|Win32
		{67BD8521-DBF3-40B6-971F-ABC804D1B9C3}.Release|x64.ActiveCfg = Release|x64
		{67BD8521-DBF3-40B6-971F-ABC804D1B9C3}.Release|x64.Build.0 = Release|x64
		{67BD8521-DBF3-40B6-971F-ABC804D1B9C3}.Release|x86.ActiveCfg = Release|Win32
		{67BD8521-DBF3-40B6-971F-ABC804D1B9C3}.Release|x86.Build.0 = Release|Win32
		{FBD60DDE-54CE-41B3-BBB9-8E18CFD73F6B}.Debug|x64.ActiveCfg = Debug|x64
		{FBD60DDE-54CE-41B3-BBB9-8E18CFD73F6B}.Debug|x64.Build.0 = Debug|x64
		{FBD60DDE-54CE-41B3-BBB9-8E18CFD73F6B}.Debug|x86.ActiveCfg = Debug|Win32
		{FBD60DDE-54CE-41B3-BBB9-8E18CFD73F6B}.Debug|x86.Build.0 = Debug|Win32
		{FBD60DDE-54CE-41B3-BBB9-8E18CFD73F6B}.Release|x64.ActiveCfg = Release|x64
		{FBD60DDE-54CE-41B3-BBB9-8E18CFD73F6B}.Release|x64.Build.0 = Release|x64
		{FBD60DDE-54CE-41B3-BBB9-8E18CFD73F6B}.Release|x86.ActiveCfg = Release|Win32
		{FBD60DDE-54CE-41B3-BBB9-8E18CFD73F6B}.Release|x86.Build.0 = Release|Win32
		{B2073A09-378E-48F8-B25A-0004899358FC}.Debug|x64.ActiveCfg = Debug|x64
		{B2073A09-378E-48F8-B25A-0004899358FC}.Debug|x64.Build.0 = Debug|x64
		{B2073A09-378E-48F8-B25A-0004899358FC}.Debug|x86.ActiveCfg = Debug|Win32
		{B2073A09-378E-48F8-B25A-0004899358FC}.Debug|x86.Build.0 = Debug|Win32
		{B2073A09-378E-48F8-B25A-0004899358FC}.Release|x64.ActiveCfg = Release|x64
		{B2073A09-378E-48F8-B25A-0004899358FC}.Release|x64.Build.0 = Release|x64
		{B2073A09-378E-48F8-B25A-0004899358FC}.Release|x86.ActiveCfg = Release|Win32
		{B2073A09-378E-48F8-B25A-0004899358FC}.Release|x86.Build.0 = Release|Win32
		{1C882375-3E54-4383-A2E8-605FC7D5F922}.Debug|x64.ActiveCfg = Debug|x64
		{1C882375-3E54-4383-A2E8-605FC7D5F922}.Debug|x64.Build.0 = Debug|x64
		{1C882375-3E54-4383-A2E8-605FC7D5F922}.Debug|x86.ActiveCfg = Debug|Win32
		{1C882375-3E54-4383-A2E8-605FC7D5F922}.Debug|x86.Build.0 = Debug|Win32
		{1C882375-3E54-4383-A2E8-605FC7D5F922}.Release|x64.ActiveCfg = Release|x64
		{1C882375-3E54-4383-A2E8-605FC7D5F922}.Release|x64.Build.0 = Release|x64
		{1C882375-3E54-4383-A2E8-605FC7D5F922}.Release|x86.ActiveCfg = Release|Win32
		{1C882375-3E54-4383-A2E8-605FC7D5F922}.Release|x86.Build.0 = Release|Win32
		{F9FBE19B-D0E8-4B08-B7B6-0E7F88B0C91F}.Debug|x64.ActiveCfg = Debug|x64
		{F9FBE19B-D0E8-4B08-B7B6-0E7F88B0C91F}.Debug|x64.Build.0 = Debug|x64
		{F9FBE19B-D0E8-4B08-B7B6-0E7F88B0C91F}.Debug|x86.ActiveCfg = Debug|Win32
		{F9FBE19B-D0E8-4B08-B7B6-0E7F88B0C91F}.Debug|x86.Build.0 = Debug|Win32
		{F9FBE19B-D0E8-4B08-B7B6-0E7F88B0C91F}.Release|x64.ActiveCfg = Release|x64
		{F9FBE19B-D0E8-4B08-B7B6-0E7F88B0C91F}.Release|x64.Build.0 = Release|x64
		{F9FBE19B-D0E8-4B08-B7B6-0E7F88B0C91F}.Release|x86.ActiveCfg = Release|Win32
		{F9FBE19B-D0E8-4B08-B7B6-0E7F88B0C91F}.Release|x86.Build.0 = Release|Win32
		{23424C82-71B8-404D-A7DB-FE54C1E87241}.Debug|x64.ActiveCfg = Debug|x64
		{23424C82-71B8-404D-A7DB-FE54C1E87241}.Debug|x64.Build.0 = Debug|x64
		{23424C82-71B8-404D-A7DB-FE54C1E87241}.Debug|x86.ActiveCfg = Debug|Win32
		{23424C82-71B8-404D-A7DB-FE54C1E87241}.Debug|x86.Build.0 = Debug|Win32
		{23424C82-71B8-404D-A7DB-FE54C1E87241}.Release|x64.ActiveCfg = Release|x64
		{23424C82-71B8-404D-A7DB-FE54C1E87241}.Release|x64.Build.0 = Release|x64
		{23424C82-71B8-404D-A7DB-FE54C1E87241}.Release|x86.ActiveCfg = Release|Win32
		{23424C82-71B8-404D-A7DB-FE54C1E87241}.Release|x86.Build.0 = Release|Win32
		{4F64FD01-68DD-4F89-9BC0-0299DB38ED60}.Debug|x64.ActiveCfg = Debug|x64
		{4F64FD01-68DD-4F89-9BC0-0299DB38ED60}.Debug|x64.Build.0 = Debug|x64
		{4F64FD01-68DD-4F89-9BC0-0299DB38ED60}.Debug|x86.ActiveCfg = Debug|Win32
		{4F64FD01-68DD-4F89-9BC0-0299DB38ED60}.Debug|x86.Build.0 = Debug|Win32
		{4F64FD01-68DD-4F89-9BC0-0299DB38ED60}.Release|x64.ActiveCfg = Release|x64
		{4F64FD01-68DD-4F89-9BC0-0299DB38ED60}.Release|x64.Build.0 = Release|x64
		{4F64FD01-68DD-4F89-9BC0-0299DB38ED60}.Release|x86.ActiveCfg = Release|Win32
		{4F64FD01-68DD-4F89-9BC0-0299DB38ED60}.Release|x86.Build.0 = Release|Win32
		{6F6B8FF0-702A-47F9-A245-C054766D80EB}.Debug|x64.ActiveCfg = Debug|x64
		{6F6B8FF0-702A-47F9-A245-C054766D80EB}.Debug|x64.Build.0 = Debug|x64
		{6F6B8FF0-702A-47F9-A245-C054766D80EB}.Debug|x86.ActiveCfg = Debug|Win32
		{6F6B8FF0-702A-47F9-A245-C054766D80EB}.Debug|x86.Build.0 = Debug|Win32
		{6F6B8FF0-702A-47F9-A245-C054766D80EB}.Release|x64.ActiveCfg = Release|x64
		{6F6B8FF0-702A-47F9-A245-C054766D80EB}.Release|x64.Build.0 = Release|x64
		{6F6B8FF0-702A-47F9-A245-C054766D80EB}.Release|x86.ActiveCfg = Release|Win32
		{6F6B8FF0-702A-47F9-A245-C054766D80EB}.Release|x86.Build.0 = Release|Win32
		{0F2F71BE-61E9-4E3A-AFD0-1565A72B7497}.Debug|x64.ActiveCfg = Debug|x64
		{0F2F71BE-61E9-4E3A-AFD0-1565A72B7497}.Debug|x64.Build.0 = Debug|x64
		{0F2F71BE-61E9-4E3A-AFD0-1565A72B7497}.Debug|x86.ActiveCfg = Debug|Win32
		{0F2F71BE-61E9-4E3A-AFD0-1565A72B7497}.Debug|x86.Build.0 = Debug|Win32
		{0F2F71BE-61E9-4E3A-AFD0-1565A72B7497}.Release|x64.ActiveCfg = Release|x64
		{0F2F71BE-61E9-4E3A-AFD0-1565A72B7497}.Release|x64.Build.0 = Release|x64
		{0F2F71BE-61E9-4E3A-AFD0-1565A72B7497}.Release|x86.ActiveCfg = Release|Win32
		{0F2F71BE-61E9-4E3A-AFD0-1565A72B7497}.Release|x86.Build.0 = Release|Win32
		{4DD4AF32-3D53-49F8-A600-74ACDD49EABA}.Debug|x64.ActiveCfg = Debug|x64
		{4DD4AF32-3D53-49F8-A600-74ACDD49EABA}.Debug|x64.Build.0 = Debug|x64
		{4DD4AF32-3D53-49F8-A600-74ACDD49EABA}.Debug|x86.ActiveCfg = Debug|Win32
		{4DD4AF32-3D53-49F8-A600-74ACDD49EABA}.Debug|x86.Build.0 = Debug|Win32
		{4DD4AF32-3D53-49F8-A600-74ACDD49EABA}.Release|x64.ActiveCfg = Release|x64
		{4DD4AF32-3D53-49F8-A600-74ACDD49EABA}.Release|x64.Build.0 = Release|x64
		{4DD4AF32-3D53-49F8-A600-74ACDD49EABA}.Release|x86.ActiveCfg = Release|Win32
		{4DD4AF32-3D53-49F8-A600-74ACDD49EABA}.Release|x86.Build.0 = Release|Win32
		{0085F389-B395-4F0E-AE5C-0418C0121384}.Debug|x64.ActiveCfg = Debug|x64
		{0085F389-B395-4F0E-AE5C-0418C0121384}.Debug|x64.Build.0 = Debug|x64
		{0085F389-B395-4F0E-AE5C-0418C0121384}.Debug|x86.ActiveCfg = Debug|Win32
		{0085F389-B395-4F0E-AE5C-0418C0121384}.Debug|x86.Build.0 = Debug|Win32
		{0085F389-B395-4F0E-AE5C-0418C0121384}.Release|x64.ActiveCfg = Release|x64
		{0085F389-B395-4F0E-AE5C-0418C0121384}.Release|x64.Build.0 = Release|x64
		{0085F389-B395-4F0E-AE5C-0418C0121384}.Release|x86.ActiveCfg = Release|Win32
		{0085F389-B395-4F0E-AE5C-0418C0121384}.Release|x86.Build.0 = Release|Win32
		{7DE80DDB-9860-4A47-8F9F-F1CFF2D243EA}.Debug|x64.ActiveCfg = Debug|x64
		{7DE80DDB-9860-4A47-8F9F-F1CFF2D243EA}.Debug|x64.Build.0 = Debug|x64
		{7DE80DDB-9860-4A47-8F9F-F1CFF2D243EA}.Debug|x86.ActiveCfg = Debug|Win32
		{7DE80DDB-9860-4A47-8F9F-F1CFF2D243EA}.Debug|x86.Build.0 = Debug|Win32
		{7DE80DDB-9860-4A47-8F9F-F1CFF2D243EA}.Release|x64.ActiveCfg = Release|x64
		{7DE80DDB-9860-4A47-8F9F-F1CFF2D243EA}.Release|x64.Build.0 = Release|x64
		{7DE80DDB-9860-4A47-8F9F-F1CFF2D243EA}.Release|x86.ActiveCfg = Release|Win32
		{7DE80DDB-9860-4A47-8F9F-F1CFF2D243EA}.Release|x86.Build.0 = Release|Win32
		{95E37418-4E76-49F6-81A8-6190B68D8E59}.Debug|x64.ActiveCfg = Debug|x64
		{95E37418-4E76-49F6-81A8-6190B68D8E59}.Debug|x64.Build.0 = Debug|x64
		{95E37418-4E76-49F6-81A8-6190B68D8E59}.Debug|x86.ActiveCfg = Debug|Win32
		{95E37418-4E76-49F6-81A8-6190B68D8E59}.Debug|x86.Build.0 = Debug|Win32
		{95E37418-4E76-49F6-81A8-6190B68D8E59}.Release|x64.ActiveCfg = Release|x64
		{95E37418-4E76-49F6-81A8-6190B68D8E59}.Release|x64.Build.0 = Release|x64
		{95E37418-4E76-49F6-81A8-6190B68D8E59}.Release|x86.ActiveCfg = Release|Win32
		{95E37418-4E76-49F6-81A8-6190B68D8E59}.Release|x86.Build.0 = Release|Win32
		{1D272D9B-CD48-4799-B347-F3C8ED0E40E5}.Debug|x64.ActiveCfg = Debug|x64
		{1D272D9B-CD48-4799-B347-F3C8ED0E40E5}.Debug|x64.Build.0 = Debug|x64
		{1D272D9B-CD48-4799-B347-F3C8ED0E40E5}.Debug|x86.ActiveCfg = Debug|Win32
		{1D272D9B-CD48-4799-B347-F3C8ED0E40E5}.Debug|x86.Build.0 = Debug|Win32
		{1D272D9B-CD48-4799-B347-F3C8ED0E40E5}.Release|x64.ActiveCfg = Release|x64
		{1D272D9B-CD48-4799-B347-F3C8ED0E40E5}.Release|x64.Build.0 = Release|x64
		{1D272D9B-CD48-4799-B347-F3C8ED0E40E5}.Release|x86.ActiveCfg = Release|Win32
		{1D272D9B-CD48-4799-B347-F3C8ED0E40E5}.Release|x86.Build.0 = Release|Win32
		{FE3F92C9-A935-4731-9C70-D1FF61A3040A}.Debug|x64.ActiveCfg = Debug|x64
		{FE3F92C9-A935-4731-9C70-D1FF61A3040A}.Debug|x64.Build.0 = Debug|x64
		{FE3F92C9-A935-4731-9C70-D1FF61A3040A}.Debug|x86.ActiveCfg = Debug|Win32
		{FE3F92C9-A935-4731-9C70-D1FF61A3040A}.Debug|x86.Build.0 = Debug|Win32
		{FE3F92C9-A935-4731-9C70-D1FF61A3040A}.Release|x64.ActiveCfg = Release|x64
		{FE3F92C9-A935-4731-9C70-D1FF61A3040A}.Release|x64.Build.0 = Release|x64
		{FE3F92C9-A935-4731-9C70-D1FF61A3040A}.Release|x86.ActiveCfg = Release|Win32
		{FE3F92C9-A935-4731-9C70-D1FF61A3040A}.Release|x86.Build.0 = Release|Win32
		{48970CD8-C306-4123-BCCC-633074FFA6C9}.Debug|x64.ActiveCfg = Debug|x64
		{48970CD8-C306-4123-BCCC-633074FFA6C9}.Debug|x64.Build.0 = Debug|x64
		{48970CD8-C306-4123-BCCC-633074FFA6C9}.Debug|x86.ActiveCfg = Debug|Win32
		{48970CD8-C306-4123-BCCC-633074FFA6C9}.Debug|x86.Build.0 = Debug|Win32
		{48970CD8-C306-4123-BCCC-633074FFA6C9}.Release|x64.ActiveCfg = Release|x64
		{48970CD8-C306-4123-BCCC-633074FFA6C9}.Release|x64.Build.0 = Release|x64
		{48970CD8-C306-4123-BCCC-633074FFA6C9}.Release|x86.ActiveCfg = Release|Win32
		{48970CD8-C306-4123-BCCC-633074FFA6C9}.Release|x86.Build.0 = Release|Win32
		{4DE16D51-B6A3-433B-A0F6-E1A172E13697}.Debug|x64.ActiveCfg = Debug|x64
		{4DE16D51-B6A3-433B-A0F6-E1A172E13697}.Debug|x64.Build.0 = Debug|x64
		{4DE16D51-B6A3-433B-A0F6-E1A172E13697}.Debug|x86.ActiveCfg = Debug|Win32
		{4DE16D51-B6A3-433B-A0F6-E1A172E13697}.Debug|x86.Build.0 = Debug|Win32
		{4DE16D51-B6A3-433B-A0F6-E1A172E13697}.Release|x64.ActiveCfg = Release|x64
		{4DE16D51-B6A3-433B-A0F6-E1A172E13697}.Release|x64.Build.0 = Release|x64
		{4DE16D51-B6A3-433B-A0F6-E1A172E13697}.Release|x86.ActiveCfg = Release|Win32
		{4DE16D51-B6A3-433B-A0F6-E1A172E13697}.Release|x86.Build.0 = Release|Win32
		{232F28C9-7945-400F-8025-7BD3D5D24BCC}.Debug|x64.ActiveCfg = Debug|x64
		{232F28C9-7945-400F-8025-7BD3D5D24BCC}.Debug|x64.Build.0 = Debug|x64
		{232F28C9-7945-400F-8025-7BD3D5D24BCC}.Debug|x86.ActiveCfg = Debug|Win32
		{232F28C9-7945-400F-8025-7BD3D5D24BCC}.Debug|x86.Build.0 = Debug|Win32
		{232F28C9-7945-400F-8025-7BD3D5D24BCC}.Release|x64.ActiveCfg = Release|x64
		{232F28C9-7945-400F-8025-7BD3D5D24BCC}.Release|x64.Build.0 = Release|x64
		{232F28C9-7945-400F-8025-7BD3D5D24BCC}.Release|x86.ActiveCfg = Release|Win32
		{232F28C9-7945-400F-8025-7BD3D5D24BCC}.Release|x86.Build.0 = Release|Win32
		{9EA3773D-7DBF-4C6F-9A9C-99AD4457117D}.Debug|x64.ActiveCfg = Debug|x64
		{9EA3773D-7DBF-4C6F-9A9C-99AD4457117D}.Debug|x64.Build.0 = Debug|x64
		{9EA3773D-7DBF-4C6F-9A9C-99AD4457117D}.Debug|x86.ActiveCfg = Debug|Win32
		{9EA3773D-7DBF-4C6F-9A9C-99AD4457117D}.Debug|x86.Build.0 = Debug|Win32
		{9EA3773D-7DBF-4C6F-9A9C-99AD4457117D}.Release|x64.ActiveCfg = Release|x64
		{9EA3773D-7DBF-4C6F-9A9C-99AD4457117D}.Release|x64.Build.0 = Release|x64
		{9EA3773D-7DBF-4C6F-9A9C-99AD4457117D}.Release|x86.ActiveCfg = Release|Win32
		{9EA3773D-7DBF-4C6F-9A9C-99AD4457117D}.Release|x86.Build.0 = Release|Win32
		{C41B13B5-E3F4-46D1-9BD3-F5E6860736AC}.Debug|x64.ActiveCfg = Debug|x64
		{C41B13B5-E3F4-46D1-9BD3-F5E6860736AC}.Debug|x64.Build.0 = Debug|x64
		{C41B13B5-E3F4-46D1-9BD3-F5E6860736AC}.Debug|x86.ActiveCfg = Debug|Win32
		{C41B13B5-E3F4-46D1-9BD3-F5E6860736AC}.Debug|x86.Build.0 = Debug|Win32
		{C41B13B5-E3F4-46D1-9BD3-F5E6860736AC}.Release|x64.ActiveCfg = Release|x64
		{C41B13B5-E3F4-46D1-9BD3-F5E6860736AC}.Release|x64.Build.0 = Release|x64
		{C41B13B5-E3F4-46D1-9BD3-F5E6860736AC}.Release|x86.ActiveCfg = Release|Win32
		{C41B13B5-E3F4-46D1-9BD3-F5E6860736AC}.Release|x86.Build.0 = Release|Win32
		{ECD5FAAC-1120-4760-B4AE-DFFEBEA87355}.Debug|x64.ActiveCfg = Debug|x64
		{ECD5FAAC-1120-4760-B4AE-DFFEBEA87355}.Debug|x64.Build.0 = Debug|x64
		{ECD5FAAC-1120-4760-B4AE-DFFEBEA87355}.Debug|x86.ActiveCfg = Debug|Win32
		{ECD5FAAC-1120-4760-B4AE-DFFEBEA87355}.Debug|x86.Build.0 = Debug|Win32
		{ECD5FAAC-1120-4760-B4AE-DFFEBEA87355}.Release|x64.ActiveCfg = Release|x64
		{ECD5FAAC-1120-4760-B4AE-DFFEBEA87355}.Release|x64.Build.0 = Release|x64
		{ECD5FAAC-1120-4760-B4AE-DFFEBEA87355}.Release|x86.ActiveCfg = Release|Win32
		{ECD5FAAC-1120-4760-B4AE-DFFEBEA87355}.Release|x86.Build.0 = Release|Win32
		{96BD531A-5812-444D-B7B2-ADD7780B4D59}.Debug|x64.ActiveCfg = Debug|x64
		{96BD531A-5812-444D-B7B2-ADD7780B4D59}.Debug|x64.Build.0 = Debug|x64
		{96BD531A-5812-444D-B7B2-ADD7780B4D59}.Debug|x86.ActiveCfg = Debug|Win32
		{96BD531A-5812-444D-B7B2-ADD7780B4D59}.Debug|x86.Build.0 = Debug|Win32
		{96BD531A-5812-444D-B7B2-ADD7780B4D59}.Release|x64.ActiveCfg = Release|x64
		{96BD531A-5812-444D-B7B2-ADD7780B4D59}.Release|x64.Build.0 = Release|x64
		{96BD531A-5812-444D-B7B2-ADD7780B4D59}.Release|x86.ActiveCfg = Release|Win32
		{96BD531A-5812-444D-B7B2-ADD7780B4D59}.Release|x86.Build.0 = Release|Win32
		{214C8CD3-6818-47FF-916B-6FA91351BD9E}.Debug|x64.ActiveCfg = Debug|x64
		{214C8CD3-6818-47FF-916B-6FA91351BD9E}.Debug|x64.Build.0 = Debug|x64
		{214C8CD3-6818-47FF-916B-6FA91351BD9E}.Debug|x86.ActiveCfg = Debug|Win32
		{214C8CD3-6818-47FF-916B-6FA91351BD9E}.Debug|x86.Build.0 = Debug|Win32
		{214C8CD3-6818-47FF-916B-6FA91351BD9E}.Release|x64.ActiveCfg = Release|x64
		{214C8CD3-6818-47FF-916B-6FA91351BD9E}.Release|x64.Build.0 = Release|x64
		{214C8CD3-6818-47FF-916B-6FA91351BD9E}.Release|x86.ActiveCfg = Release|Win32
		{214C8CD3-6818-47FF-916B-6FA91351BD9E}.Release|x86.Build.0 = Release|Win32
		{EC83C71D-A089-4F9D-8B80-C7C4C3A61A7E}.Debug|x64.ActiveCfg = Debug|x64
		{EC83C71D-A089-4F9D-8B80-C7C4C3A61A7E}.Debug|x64.Build.0 = Debug|x64
		{EC83C71D-A089-4F9D-8B80-C7C4C3A61A7E}.Debug|x86.ActiveCfg = Debug|Win32
		{EC83C71D-A089-4F9D-8B80-C7C4C3A61A7E}.Debug|x86.Build.0 = Debug|Win32
		{EC83C71D-A089-4F9D-8B80-C7C4C3A61A7E}.Release|x64.ActiveCfg = Release|x64
		{EC83C71D-A089-4F9D-8B80-C7C4C3A61A7E}.Release|x64.Build.0 = Release|x64
		{EC83C71D-A089-4F9D-8B80-C7C4C3A61A7E}.Release|x86.ActiveCfg = Release|Win32
		{EC83C71D-A089-4F9D-8B80-C7C4C3A61A7E}.Release|x86.Build.0 = Release|Win32
		{F000DA4C-3942-4A6A-A4D0-2A5758D29064}.Debug|x64.ActiveCfg = Debug|x64
		{F000DA4C-3942-4A6A-A4D0-2A5758D29064}.Debug|x64.Build.0 = Debug|x64
		{F000DA4C-3942-4A6A-A4D0-2A5758D29064}.Debug|x86.ActiveCfg = Debug|Win32
		{F000DA4C-3942-4A6A-A4D0-2A5758D29064}.Debug|x86.Build.0 = Debug|Win32
		{F000DA4C-3942-4A6A-A4D0-2A5758D29064}.Release|x64.ActiveCfg = Release|x64
		{F000DA4C-3942-4A6A-A4D0-2A5758D29064}.Release|x64.Build.0 = Release|x64
		{F000DA4C-3942-4A6A-A4D0-2A5758D29064}.Release|x86.ActiveCfg = Release|Win32
		{F000DA4C-3942-4A6A-A4D0-2A5758D29064}.Release|x86.Build.0 = Release|Win32
		{AEE3F9FA-24A1-45D6-B39C-C7974977DEB2}.Debug|x64.ActiveCfg = Debug|x64
		{AEE3F9FA-24A1-45D6-B39C-C7974977DEB2}.Debug|x64.Build.0 = Debug|x64
		{AEE3F9FA-24A1-45D6-B39C-C7974977DEB2}.Debug|x86.ActiveCfg = Debug|Win32
		{AEE3F9FA-24A1-45D6-B39C-C7974977DEB2}.Debug|x86.Build.0 = Debug|Win32
		{AEE3F9FA-24A1-45D6-B39C-C7974977DEB2}.Release|x64.ActiveCfg = Release|x64
		{AEE3F9FA-24A1-45D6-B39C-C7974977DEB2}.Release|x64.Build.0 = Release|x64
		{AEE3F9FA-24A1-45D6-B39C-C7974977DEB2}.Release|x86.ActiveCfg = Release|Win32
		{AEE3F9FA-24A1-45D6-B39C-C7974977DEB2}.Release|x86.Build.0 = Release|Win32
		{ACFAA3CD-B14C-449E-9F0E-C513814EA4C5}.Debug|x64.ActiveCfg = Debug|x64
		{ACFAA3CD-B14C-449E-9F0E-C513814EA4C5}.Debug|x64.Build.0 = Debug|x64
		{ACFAA3CD-B14C-449E-9F0E-C513814EA4C5}.Debug|x86.ActiveCfg = Debug|Win32
		{ACFAA3CD-B14C-449E-9F0E-C513814EA4C5}.Debug|x86.Build.0 = Debug|Win32
		{ACFAA3CD-B14C-449E-9F0E-C513814EA4C5}.Release|x64.ActiveCfg = Release|x64
		{ACFAA3CD-B14C-449E-9F0E-C513814EA4C5}.Release|x64.Build.0 = Release|x64
		{ACFAA3CD-B14C-449E-9F0E-C513814EA4C5}.Release|x86.ActiveCfg = Release|Win32
		{ACFAA3CD-B14C-449E-9F0E-C513814EA4C5}.Release|x86.Build.0 = Release|Win32
		{6DD45D21-9445-45B5-87A7-0D01A494F727}.Debug|x64.ActiveCfg = Debug|x64
		{6DD45D21-9445-45B5-87A7-0D01A494F727}.Debug|x64.Build.0 = Debug|x64
		{6DD45D21-9445-45B5-87A7-0D01A494F727}.Debug|x86.ActiveCfg = Debug|Win32
		{6DD45D21-9445-45B5-87A7-0D01A494F727}.Debug|x86.Build.0 = Debug|Win32
		{6DD45D21-9445-45B5-87A7-0D01A494F727}.Release|x64.ActiveCfg = Release|x64
		{6DD45D21-9445-45B5-87A7-0D01A494F727}.Release|x64.Build.0 = Release|x64
		{6DD45D21-9445-45B5-87A7-0D01A494F727}.Release|x86.ActiveCfg = Release|Win32
		{6DD45D21-9445-45B5-87A7-0D01A494F727}.Release|x86.Build.0 = Release|Win32
		{EC1295AB-D534-468F-A7CF-23C5709A878F}.Debug|x64.ActiveCfg = Debug|x64
		{EC1295AB-D534-468F-A7CF-23C5709A878F}.Debug|x64.Build.0 = Debug|x64
		{EC1295AB-D534-468F-A7CF-23C5709A878F}.Debug|x86.ActiveCfg = Debug|Win32
		{EC1295AB-D534-468F-A7CF-23C5709A878F}.Debug|x86.Build.0 = Debug|Win32
		{EC1295AB-D534-468F-A7CF-23C5709A878F}.Release|x64.ActiveCfg = Release|x64
		{EC1295AB-D534-468F-A7CF-23C5709A878F}.Release|x64.Build.0 = Release|x64
		{EC1295AB-D534-468F-A7CF-23C5709A878F}.Release|x86.ActiveCfg = Release|Win32
		{EC1295AB-D534-468F-A7CF-23C5709A878F}.Release|x86.Build.0 = Release|Win32
		{AC037CB8-4F95-47FC-BB0A-098238750FDE}.Debug|x64.ActiveCfg = Debug|x64
		{AC037CB8-4F95-47FC-BB0A-098238750FDE}.Debug|x64.Build.0 = Debug|x64
		{AC037CB8-4F95-47FC-BB0A-098238750FDE}.Debug|x86.ActiveCfg = Debug|Win32
		{AC037CB8-4F95-47FC-BB0A-098238750FDE}.Debug|x86.Build.0 = Debug|Win32
		{AC037CB8-4F95-47FC-BB0A-098238750FDE}.Release|x64.ActiveCfg = Release|x64
		{AC037CB8-4F95-47FC-BB0A-098238750FDE}.Release|x64.Build.0 = Release|x64
		{AC037CB8-4F95-47FC-BB0A-098238750FDE}.Release|x86.ActiveCfg = Release|Win32
		{AC037CB8-4F95-47FC-BB0A-098238750FDE}.Release|x86.Build.0 = Release|Win32
		{79370804-2712-4B94-9ED1-26FD8B20CA0E}.Debug|x64.ActiveCfg = Debug|x64
		{79370804-2712-4B94-9ED1-26FD8B20CA0E}.Debug|x64.Build.0 = Debug|x64
		{79370804-2712-4B94-9ED1-26FD8B20CA0E}.Debug|x86.ActiveCfg = Debug|Win32
		{79370804-2712-4B94-9ED1-26FD8B20CA0E}.Debug|x86.Build.0 = Debug|Win32
		{79370804-2712-4B94-9ED1-26FD8B20CA0E}.Release|x64.ActiveCfg = Release|x64
		{79370804-2712-4B94-9ED1-26FD8B20CA0E}.Release|x64.Build.0 = Release|x64
		{79370804-2712-4B94-9ED1-26FD8B20CA0E}.Release|x86.ActiveCfg = Release|Win32
		{79370804-2712-4B94-9ED1-26FD8B20CA0E}.Release|x86.Build.0 = Release|Win32
		{17BA1937-DE27-45CB-9819-CEFFA54D7860}.Debug|x64.ActiveCfg = Debug|x64
		{17BA1937-DE27-45CB-9819-CEFFA54D7860}.Debug|x64.Build.0 = Debug|x64
		{17BA1937-DE27-45CB-9819-CEFFA54D7860}.Debug|x86.ActiveCfg = Debug|Win32
		{17BA1937-DE27-45CB-9819-CEFFA54D7860}.Debug|x86.Build.0 = Debug|Win32
		{17BA1937-DE27-45CB-9819-CEFFA54D7860}.Release|x64.ActiveCfg = Release|x64
		{17BA1937-DE27-45CB-9819-CEFFA54D7860}.Release|x64.Build.0 = Release|x64
		{17BA1937-DE27-45CB-9819-CEFFA54D7860}.Release|x86.ActiveCfg = Release|Win32
		{17BA1937-DE27-45CB-9819-CEFFA54D7860}.Release|x86.Build.0 = Release|Win32
		{2AE67028-7058-42E5-B9DC-6B87709BD864}.Debug|x64.ActiveCfg = Debug|x64
		{2AE67028-7058-42E5-B9DC-6B87709BD864}.Debug|x64.Build.0 = Debug|x64
		{2AE67028-7058-42E5-B9DC-6B87709BD864}.Debug|x86.ActiveCfg = Debug|Win32
		{2AE67028-7058-42E5-B9DC-6B87709BD864}.Debug|x86.Build.0 = Debug|Win32
		{2AE67028-7058-42E5-B9DC-6B87709BD864}.Release|x64.ActiveCfg = Release|x64
		{2AE67028-7058-42E5-B9DC-6B87709BD864}.Release|x64.Build.0 = Release|x64
		{2AE67028-7058-42E5-B9DC-6B87709BD864}.Release|x86.ActiveCfg = Release|Win32
		{2AE67028-7058-42E5-B9DC-6B87709BD864}.Release|x86.Build.0 = Release|Win32
		{1A51E173-201E-47DC-9D2A-13F6FE286E8B}.Debug|x64.ActiveCfg = Debug|x64
		{1A51E173-201E-47DC-9D2A-13F6FE286E8B}.Debug|x64.Build.0 = Debug|x64
		{1A51E173-201E-47DC-9D2A-13F6FE286E8B}.Debug|x86.ActiveCfg = Debug|Win32
		{1A51E173-201E-47DC-9D2A-13F6FE286E8B}.Debug|x86.Build.0 = Debug|Win32
		{1A51E173-201E-47DC-9D2A-13F6FE286E8B}.Release|x64.ActiveCfg = Release|x64
		{1A51E173-201E-47DC-9D2A-13F6FE286E8B}.Release|x64.Build.0 = Release|x64
		{1A51E173-201E-47DC-9D2A-13F6FE286E8B}.Release|x86.ActiveCfg = Release|Win32
		{1A51E173-201E-47DC-9D2A-13F6FE286E8B}.Release|x86.Build.0 = Release|Win32
		{78199E3B-8499-4ABC-AF81-9FEDB277838A}.Debug|x64.ActiveCfg = Debug|x64
		{78199E3B-8499-4ABC-AF81-9FEDB277838A}.Debug|x64.Build.0 = Debug|x64
		{78199E3B-8499-4ABC-AF81-9FEDB277838A}.Debug|x86.ActiveCfg = Debug|Win32
		{78199E3B-8499-4ABC-AF81-9FEDB277838A}.Debug|x86.Build.0 = Debug|Win32
		{78199E3B-8499-4ABC-AF81-9FEDB277838A}.Release|x64.ActiveCfg = Release|x64
		{78199E3B-8499-4ABC-AF81-9FEDB277838A}.Release|x64.Build.0 = Release|x64
		{78199E3B-8499-4ABC-AF81-9FEDB277838A}.Release|x86.ActiveCfg = Release|Win32
		{78199E3B-8499-4ABC-AF81-9FEDB277838A}.Release|x86.Build.0 = Release|Win32
		{A2B38212-DD32-4441-BA70-A7A52700642C}.Debug|x64.ActiveCfg = Debug|x64
		{A2B38212-DD32-4441-BA70-A7A52700642C}.Debug|x64.Build.0 = Debug|x64
		{A2B38212-DD32-4441-BA70-A7A52700642C}.Debug|x86.ActiveCfg = Debug|Win32
		{A2B38212-DD32-4441-BA70-A7A52700642C}.Debug|x86.Build.0 = Debug|Win32
		{A2B38212-DD32-4441-BA70-A7A52700642C}.Release|x64.ActiveCfg = Release|x64
		{A2B38212-DD32-4441-BA70-A7A52700642C}.Release|x64.Build.0 = Release|x64
		{A2B38212-DD32-4441-BA70-A7A52700642C}.Release|x86.ActiveCfg = Release|Win32
		{A2B38212-DD32-4441-BA70-A7A52700642C}.Release|x86.Build.0 = Release|Win32
		{823F9697-4813-45BD-9AB7-6AC37A9B044A}.Debug|x64.ActiveCfg = Debug|x64
		{823F9697-4813-45BD-9AB7-6AC37A9B044A}.Debug|x64.Build.0 = Debug|x64
		{823F9697-4813-45BD-9AB7-6AC37A9B044A}.Debug|x86.ActiveCfg = Debug|Win32
		{823F9697-4813-45BD-9AB7-6AC37A9B044A}.Debug|x86.Build.0 = Debug|Win32
		{823F9697-4813-45BD-9AB7-6AC37A9B044A}.Release|x64.ActiveCfg = Release|x64
		{823F9697-4813-45BD-9AB7-6AC37A9B044A}.Release|x64.Build.0 = Release|x64
		{823F9697-4813-45BD-9AB7-6AC37A9B044A}.Release|x86.ActiveCfg = Release|Win32
		{823F9697-4813-45BD-9AB7-6AC37A9B044A}.Release|x86.Build.0 = Release|Win32
		{EC552C81-E254-44DF-AB99-0B03282AAF80}.Debug|x64.ActiveCfg = Debug|x64
		{EC552C81-E254-44DF-AB99-0B03282AAF80}.Debug|x64.Build.0 = Debug|x64
		{EC552C81-E254-44DF-AB99-0B03282AAF80}.Debug|x86.ActiveCfg = Debug|Win32
		{EC552C81-E254-44DF-AB99-0B03282AAF80}.Debug|x86.Build.0 = Debug|Win32
		{EC552C81-E254-44DF-AB99-0B03282AAF80}.Release|x64.ActiveCfg = Release|x64
		{EC552C81-E254-44DF-AB99-0B03282AAF80}.Release|x64.Build.0 = Release|x64
		{EC552C81-E254-44DF-AB99-0B03282AAF80}.Release|x86.ActiveCfg = Release|Win32
		{EC552C81-E254-44DF-AB99-0B03282AAF80}.Release|x86.Build.0 = Release|Win32
		{2A8C7C03-46CC-4627-9129-E3495C9D9C35}.Debug|x64.ActiveCfg = Debug|x64
		{2A8C7C03-46CC-4627-9129-E3495C9D9C35}.Debug|x64.Build.0 = Debug|x64
		{2A8C7C03-46CC-4627-9129-E3495C9D9C35}.Debug|x86.ActiveCfg = Debug|Win32
		{2A8C7C03-46CC-4627-9129-E3495C9D9C35}.Debug|x86.Build.0 = Debug|Win32
		{2A8C7C03-46CC-4627-9129-E3495C9D9C35}.Release|x64.ActiveCfg = Release|x64
		{2A8C7C03-46CC-4627-9129-E3495C9D9C35}.Release|x64.Build.0 = Release|x64
		{2A8C7C03-46CC-4627-9129-E3495C9D9C35}.Release|x86.ActiveCfg = Release|Win32
		{2A8C7C03-46CC-4627-9129-E3495C9D9C35}.Release|x86.Build.0 = Release|Win32
		{10DCF8F2-11E6-4549-B957-5AAEF7DE88DC}.Debug|x64.ActiveCfg = Debug|x64
		{10DCF8F2-11E6-4549-B957-5AAEF7DE88DC}.Debug|x64.Build.0 = Debug|x64
		{10DCF8F2-11E6-4549-B957-5AAEF7DE88DC}.Debug|x86.ActiveCfg = Debug|Win32
		{10DCF8F2-11E6-4549-B957-5AAEF7DE88DC}.Debug|x86.Build.0 = Debug|Win32
		{10DCF8F2-11E6-4549-B957-5AAEF7DE88DC}.Release|x64.ActiveCfg = Release|x64
		{10DCF8F2-11E6-4549-B957-5AAEF7DE88DC}.Release|x64.Build.0 = Release|x64
		{10DCF8F2-11E6-4549-B957-5AAEF7DE88DC}.Release|x86.ActiveCfg = Release|Win32
		{10DCF8F2-11E6-4549-B957-5AAEF7DE88DC}.Release|x86.Build.0 = Release|Win32
		{AB7ECEDB-52C4-4FE0-BCFC-D45E7C9D15FF}.Debug|x64.ActiveCfg = Debug|x64
		{AB7ECEDB-52C4-4FE0-BCFC-D45E7C9D15FF}.Debug|x64.Build.0 = Debug|x64
		{AB7ECEDB-52C4-4FE0-BCFC-D45E7C9D15FF}.Debug|x86.ActiveCfg = Debug|Win32
		{AB7ECEDB-52C4-4FE0-BCFC-D45E7C9D15FF}.Debug|x86.Build.0 = Debug|Win32
		{AB7ECEDB-52C4-4FE0-BCFC-D45E7C9D15FF}.Release|x64.ActiveCfg = Release|x64
		{AB7ECEDB-52C4-4FE0-BCFC-D45E7C9D15FF}.Release|x64.Build.0 = Release|x64
		{AB7ECEDB-52C4-4FE0-BCFC-D45E7C9D15FF}.Release|x86.ActiveCfg = Release|Win32
		{AB7ECEDB-52C4-4FE0-BCFC-D45E7C9D15FF}.Release|x86.Build.0 = Release|Win32
		{5F498352-8093-4529-9589-2F71DAB4B5BE}.Debug|x64.ActiveCfg = Debug|x64
		{5F498352-8093-4529-9589-2F71DAB4B5BE}.Debug|x64.Build.0 = Debug|x64
		{5F498352-8093-4529-9589-2F71DAB4B5BE}.Debug|x86.ActiveCfg = Debug|Win32
		{5F498352-8093-4529-9589-2F71DAB4B5BE}.Debug|x86.Build.0 = Debug|Win32
		{5F498352-8093-4529-9589-2F71DAB4B5BE}.Release|x64.ActiveCfg = Release|x64
		{5F498352-8093-4529-9589-2F71DAB4B5BE}.Release|x64.Build.0 = Release|x64
		{5F498352-8093-4529-9589-2F71DAB4B5BE}.Release|x86.ActiveCfg = Release|Win32
		{5F498352-8093-4529-9589-2F71DAB4B5BE}.Release|x86.Build.0 = Release|Win32
		{651B9638-5FAF-47CD-A227-4959F0176260}.Debug|x64.ActiveCfg = Debug|x64
		{651B9638-5FAF-47CD-A227-4959F0176260}.Debug|x64.Build.0 = Debug|x64
		{651B9638-5FAF-47CD-A227-4959F0176260}.Debug|x86.ActiveCfg = Debug|Win32
		{651B9638-5FAF-47CD-A227-4959F0176260}.Debug|x86.Build.0 = Debug|Win32
		{651B9638-5FAF-47CD-A227-4959F0176260}.Release|x64.ActiveCfg = Release|x64
		{651B9638-5FAF-47CD-A227-4959F0176260}.Release|x64.Build.0 = Release|x64
		{651B9638-5FAF-47CD-A227-4959F0176260}.Release|x86.ActiveCfg = Release|Win32
		{651B9638-5FAF-47CD-A227-4959F0176260}.Release|x86.Build.0 = Release|Win32
		{CDA4A1B3-8773-44B4-A34C-041FCEB220B8}.Debug|x64.ActiveCfg = Debug|x64
		{CDA4A1B3-8773-44B4-A34C-041FCEB220B8}.Debug|x64.Build.0 = Debug|x64
		{CDA4A1B3-8773-44B4-A34C-041FCEB220B8}.Debug|x86.ActiveCfg = Debug|Win32
		{CDA4A1B3-8773-44B4-A34C-041FCEB220B8}.Debug|x86.Build.0 = Debug|Win32
		{CDA4A1B3-8773-44B4-A34C-041FCEB220B8}.Release|x64.ActiveCfg = Release|x64
		{CDA4A1B3-8773-44B4-A34C-041FCEB220B8}.Release|x64.Build.0 = Release|x64
		{CDA4A1B3-8773-44B4-A34C-041FCEB220B8}.Release|x86.ActiveCfg = Release|Win32
		{CDA4A1B3-8773-44B4-A34C-041FCEB220B8}.Release|x86.Build.0 = Release|Win32
		{A8C125BD-D1CA-44CE-9775-E39CF9BFC7E7}.Debug|x64.ActiveCfg = Debug|x64
		{A8C125BD-D1CA-44CE-9775-E39CF9BFC7E7}.Debug|x64.Build.0 = Debug|x64
		{A8C125BD-D1CA-44CE-9775-E39CF9BFC7E7}.Debug|x86.ActiveCfg = Debug|Win32
		{A8C125BD-D1CA-44CE-9775-E39CF9BFC7E7}.Debug|x86.Build.0 = Debug|Win32
		{A8C125BD-D1CA-44CE-9775-E39CF9BFC7E7}.Release|x64.ActiveCfg = Release|x64
		{A8C125BD-D1CA-44CE-9775-E39CF9BFC7E7}.Release|x64.Build.0 = Release|x64
		{A8C125BD-D1CA-44CE-9775-E39CF9BFC7E7}.Release|x86.ActiveCfg = Release|Win32
		{A8C125BD-D1CA-44CE-9775-E39CF9BFC7E7}.Release|x86.Build.0 = Release|Win32
		{97A7FE05-4CF6-48D5-89EC-4C843DF07DAB}.Debug|x64.ActiveCfg = Debug|x64
		{97A7FE05-4CF6-48D5-89EC-4C843DF07DAB}.Debug|x64.Build.0 = Debug|x64
		{97A7FE05-4CF6-48D5-89EC-4C843DF07DAB}.Debug|x86.ActiveCfg = Debug|Win32
		{97A7FE05-4CF6-48D5-89EC-4C843DF07DAB}.Debug|x86.Build.0 = Debug|Win32
		{97A7FE05-4CF6-48D5-89EC-4C843DF07DAB}.Release|x64.ActiveCfg = Release|x64
		{97A7FE05-4CF6-48D5-89EC-4C843DF07DAB}.Release|x64.Build.0 = Release|x64
		{97A7FE05-4CF6-48D5-89EC-4C843DF07DAB}.Release|x86.ActiveCfg = Release|Win32
		{97A7FE05-4CF6-48D5-89EC-4C843DF07DAB}.Release|x86.Build.0 = Release|Win32
		{D97FB067-E32F-472C-9FDF-5E974BCD79C6}.Debug|x64.ActiveCfg = Debug|x64
		{D97FB067-E32F-472C-9FDF-5E974BCD79C6}.Debug|x64.Build.0 = Debug|x64
		{D97FB067-E32F-472C-9FDF-5E974BCD79C6}.Debug|x86.ActiveCfg = Debug|Win32
		{D97FB067-E32F-472C-9FDF-5E974BCD79C6}.Debug|x86.Build.0 = Debug|Win32
		{D97FB067-E32F-472C-9FDF-5E974BCD79C6}.Release|x64.ActiveCfg = Release|x64
		{D97FB067-E32F-472C-9FDF-5E974BCD79C6}.Release|x64.Build.0 = Release|x64
		{D97FB067-E32F-472C-9FDF-5E974BCD79C6}.Release|x86.ActiveCfg = Release|Win32
		{D97FB067-E32F-472C-9FDF-5E974BCD79C6}.Release|x86.Build.0 = Release|Win32
		{93C7B69C-6CE1-4ACC-B3A3-B2F71A4EAA50}.Debug|x64.ActiveCfg = Debug|x64
		{93C7B69C-6CE1-4ACC-B3A3-B2F71A4EAA50}.Debug|x64.Build.0 = Debug|x64
		{93C7B69C-6CE1-4ACC-B3A3-B2F71A4EAA50}.Debug|x86.ActiveCfg = Debug|Win32
		{93C7B69C-6CE1-4ACC-B3A3-B2F71A4EAA50}.Debug|x86.Build.0 = Debug|Win32
		{93C7B69C-6CE1-4ACC-B3A3-B2F71A4EAA50}.Release|x64.ActiveCfg = Release|x64
		{93C7B69C-6CE1-4ACC-B3A3-B2F71A4EAA50}.Release|x64.Build.0 = Release|x64
		{93C7B69C-6CE1-4ACC-B3A3-B2F71A4EAA50}.Release|x86.ActiveCfg = Release|Win32
		{93C7B69C-6CE1-4ACC-B3A3-B2F71A4EAA50}.Release|x86.Build.0 = Release|Win32
		{2C33756C-11F6-4041-A178-6C7FFC8B88EB}.Debug|x64.ActiveCfg = Debug|x64
		{2C33756C-11F6-4041-A178-6C7FFC8B88EB}.Debug|x64.Build.0 = Debug|x64
		{2C33756C-11F6-4041-A178-6C7FFC8B88EB}.Debug|x86.ActiveCfg = Debug|Win32
		{2C33756C-11F6-4041-A178-6C7FFC8B88EB}.Debug|x86.Build.0 = Debug|Win32
		{2C33756C-11F6-4041-A178-6C7FFC8B88EB}.Release|x64.ActiveCfg = Release|x64
		{2C33756C-11F6-4041-A178-6C7FFC8B88EB}.Release|x64.Build.0 = Release|x64
		{2C33756C-11F6-4041-A178-6C7FFC8B88EB}.Release|x86.ActiveCfg = Release|Win32
		{2C33756C-11F6-4041-A178-6C7FFC8B88EB}.Release|x86.Build.0 = Release|Win32
		{B0C08A1A-A8D6-4800-82F3-A7B41057F89A}.Debug|x64.ActiveCfg = Debug|x64
		{B0C08A1A-A8D6-4800-82F3-A7B41057F89A}.Debug|x64.Build.0 = Debug|x64
		{B0C08A1A-A8D6-4800-82F3-A7B41057F89A}.Debug|x86.ActiveCfg = Debug|Win32
		{B0C08A1A-A8D6-4800-82F3-A7B41057F89A}.Debug|x86.Build.0 = Debug|Win32
		{B0C08A1A-A8D6-4800-82F3-A7B41057F89A}.Release|x64.ActiveCfg = Release|x64
		{B0C08A1A-A8D6-4800-82F3-A7B41057F89A}.Release|x64.Build.0 = Release|x64
		{B0C08A1A-A8D6-4800-82F3-A7B41057F89A}.Release|x86.ActiveCfg = Release|Win32
		{B0C08A1A-A8D6-4800-82F3-A7B41057F89A}.Release|x86.Build.0 = Release|Win32
		{15E7E6BD-2A19-4676-ADBB-725E4555F7C5}.Debug|x64.ActiveCfg = Debug|x64
		{15E7E6BD-2A19-4676-ADBB-725E4555F7C5}.Debug|x64.Build.0 = Debug|x64
		{15E7E6BD-2A19-4676-ADBB-725E4555F7C5}.Debug|x86.ActiveCfg = Debug|Win32
		{15E7E6BD-2A19-4676-ADBB-725E4555F7C5}.Debug|x86.Build.0 = Debug|Win32
		{15E7E6BD-2A19-4676-ADBB-725E4555F7C5}.Release|x64.ActiveCfg = Release|x64
		{15E7E6BD-2A19-4676-ADBB-725E4555F7C5}.Release|x64.Build.0 = Release|x64
		{15E7E6BD-2A19-4676-ADBB-725E4555F7C5}.Release|x86.ActiveCfg = Release|Win32
		{15E7E6BD-2A19-4676-ADBB-725E4555F7C5}.Release|x86.Build.0 = Release|Win32
	EndGlobalSection
	GlobalSection(SolutionProperties) = preSolution
		HideSolutionNode = FALSE
	EndGlobalSection
	GlobalSection(ExtensibilityGlobals) = postSolution
		SolutionGuid = {1C4DE95E-1506-449B-806C-D5107D5E9E60}
	EndGlobalSection
EndGlobal
