
Microsoft Visual Studio Solution File, Format Version 12.00
# Visual Studio Version 17
VisualStudioVersion = 17.8.34601.278
MinimumVisualStudioVersion = 10.0.40219.1
Project("{8BC9CEB8-8B4A-11D0-8D11-00A0C91BC942}") = "example-10", "example-10\example-10.vcxproj", "{1668F136-8B71-40E7-A3AB-7D03E18D7DDE}"
EndProject
Project("{8BC9CEB8-8B4A-11D0-8D11-00A0C91BC942}") = "example-01", "example-01\example-01.vcxproj", "{3B27021A-8163-433B-8F25-043E9552B9C1}"
EndProject
Project("{8BC9CEB8-8B4A-11D0-8D11-00A0C91BC942}") = "example-02", "example-02\example-02.vcxproj", "{AFFC88B6-0D92-43B4-BCE3-7D40D60DA6C7}"
EndProject
Project("{8BC9CEB8-8B4A-11D0-8D11-00A0C91BC942}") = "example-03", "example-03\example-03.vcxproj", "{58EC8186-570C-4187-9D74-4A576FE7D5FF}"
EndProject
Project("{8BC9CEB8-8B4A-11D0-8D11-00A0C91BC942}") = "example-04", "example-04\example-04.vcxproj", "{1A55C684-4325-4C6A-9981-472E52C08047}"
EndProject
Project("{8BC9CEB8-8B4A-11D0-8D11-00A0C91BC942}") = "example-05", "example-05\example-05.vcxproj", "{8315E1AD-6F3D-4924-AC7B-9957D7C1BFE9}"
EndProject
Project("{8BC9CEB8-8B4A-11D0-8D11-00A0C91BC942}") = "example-06", "example-06\example-06.vcxproj", "{74D289E3-2345-4851-B784-D92106E425D9}"
EndProject
Project("{8BC9CEB8-8B4A-11D0-8D11-00A0C91BC942}") = "example-07", "example-07\example-07.vcxproj", "{74BB18CD-A193-4F8E-A2AE-7DCE3E07A720}"
EndProject
Project("{8BC9CEB8-8B4A-11D0-8D11-00A0C91BC942}") = "example-08", "example-08\example-08.vcxproj", "{61752ABA-B2C4-4678-8D66-4ACC7745BB6D}"
EndProject
Project("{8BC9CEB8-8B4A-11D0-8D11-00A0C91BC942}") = "example-09", "example-09\example-09.vcxproj", "{0CFDD396-6796-4F3A-BAF8-D3DAF6ECAD00}"
EndProject
Project("{8BC9CEB8-8B4A-11D0-8D11-00A0C91BC942}") = "example-11", "example-11\example-11.vcxproj", "{B78D50F5-B4A4-4D2D-91E1-5A85D0C9B11E}"
EndProject
Project("{8BC9CEB8-8B4A-11D0-8D11-00A0C91BC942}") = "example-12", "example-12\example-12.vcxproj", "{6B1DEB94-8B36-480B-AD9E-4794CCB5E391}"
EndProject
Project("{8BC9CEB8-8B4A-11D0-8D11-00A0C91BC942}") = "example-12-2", "example-12-2\example-12-2.vcxproj", "{6D7434B1-D6A7-4BFA-8F20-8BBB6534666C}"
EndProject
Project("{8BC9CEB8-8B4A-11D0-8D11-00A0C91BC942}") = "example-12-3", "example-12-3\example-12-3.vcxproj", "{B0C95FF4-5507-4AA1-93E3-071A8C6C03A2}"
EndProject
Project("{8BC9CEB8-8B4A-11D0-8D11-00A0C91BC942}") = "example-13", "example-13\example-13.vcxproj", "{1ED52A30-F336-4B86-9805-8253DEAEBB14}"
EndProject
Project("{8BC9CEB8-8B4A-11D0-8D11-00A0C91BC942}") = "example-14", "example-14\example-14.vcxproj", "{1A432882-B748-4057-A0D8-3BD2A2FF6E63}"
EndProject
Global
	GlobalSection(SolutionConfigurationPlatforms) = preSolution
		Debug|x64 = Debug|x64
		Debug|x86 = Debug|x86
		Release|x64 = Release|x64
		Release|x86 = Release|x86
	EndGlobalSection
	GlobalSection(ProjectConfigurationPlatforms) = postSolution
		{1668F136-8B71-40E7-A3AB-7D03E18D7DDE}.Debug|x64.ActiveCfg = Debug|x64
		{1668F136-8B71-40E7-A3AB-7D03E18D7DDE}.Debug|x64.Build.0 = Debug|x64
		{1668F136-8B71-40E7-A3AB-7D03E18D7DDE}.Debug|x86.ActiveCfg = Debug|Win32
		{1668F136-8B71-40E7-A3AB-7D03E18D7DDE}.Debug|x86.Build.0 = Debug|Win32
		{1668F136-8B71-40E7-A3AB-7D03E18D7DDE}.Release|x64.ActiveCfg = Release|x64
		{1668F136-8B71-40E7-A3AB-7D03E18D7DDE}.Release|x64.Build.0 = Release|x64
		{1668F136-8B71-40E7-A3AB-7D03E18D7DDE}.Release|x86.ActiveCfg = Release|Win32
		{1668F136-8B71-40E7-A3AB-7D03E18D7DDE}.Release|x86.Build.0 = Release|Win32
		{3B27021A-8163-433B-8F25-043E9552B9C1}.Debug|x64.ActiveCfg = Debug|x64
		{3B27021A-8163-433B-8F25-043E9552B9C1}.Debug|x64.Build.0 = Debug|x64
		{3B27021A-8163-433B-8F25-043E9552B9C1}.Debug|x86.ActiveCfg = Debug|Win32
		{3B27021A-8163-433B-8F25-043E9552B9C1}.Debug|x86.Build.0 = Debug|Win32
		{3B27021A-8163-433B-8F25-043E9552B9C1}.Release|x64.ActiveCfg = Release|x64
		{3B27021A-8163-433B-8F25-043E9552B9C1}.Release|x64.Build.0 = Release|x64
		{3B27021A-8163-433B-8F25-043E9552B9C1}.Release|x86.ActiveCfg = Release|Win32
		{3B27021A-8163-433B-8F25-043E9552B9C1}.Release|x86.Build.0 = Release|Win32
		{AFFC88B6-0D92-43B4-BCE3-7D40D60DA6C7}.Debug|x64.ActiveCfg = Debug|x64
		{AFFC88B6-0D92-43B4-BCE3-7D40D60DA6C7}.Debug|x64.Build.0 = Debug|x64
		{AFFC88B6-0D92-43B4-BCE3-7D40D60DA6C7}.Debug|x86.ActiveCfg = Debug|Win32
		{AFFC88B6-0D92-43B4-BCE3-7D40D60DA6C7}.Debug|x86.Build.0 = Debug|Win32
		{AFFC88B6-0D92-43B4-BCE3-7D40D60DA6C7}.Release|x64.ActiveCfg = Release|x64
		{AFFC88B6-0D92-43B4-BCE3-7D40D60DA6C7}.Release|x64.Build.0 = Release|x64
		{AFFC88B6-0D92-43B4-BCE3-7D40D60DA6C7}.Release|x86.ActiveCfg = Release|Win32
		{AFFC88B6-0D92-43B4-BCE3-7D40D60DA6C7}.Release|x86.Build.0 = Release|Win32
		{58EC8186-570C-4187-9D74-4A576FE7D5FF}.Debug|x64.ActiveCfg = Debug|x64
		{58EC8186-570C-4187-9D74-4A576FE7D5FF}.Debug|x64.Build.0 = Debug|x64
		{58EC8186-570C-4187-9D74-4A576FE7D5FF}.Debug|x86.ActiveCfg = Debug|Win32
		{58EC8186-570C-4187-9D74-4A576FE7D5FF}.Debug|x86.Build.0 = Debug|Win32
		{58EC8186-570C-4187-9D74-4A576FE7D5FF}.Release|x64.ActiveCfg = Release|x64
		{58EC8186-570C-4187-9D74-4A576FE7D5FF}.Release|x64.Build.0 = Release|x64
		{58EC8186-570C-4187-9D74-4A576FE7D5FF}.Release|x86.ActiveCfg = Release|Win32
		{58EC8186-570C-4187-9D74-4A576FE7D5FF}.Release|x86.Build.0 = Release|Win32
		{1A55C684-4325-4C6A-9981-472E52C08047}.Debug|x64.ActiveCfg = Debug|x64
		{1A55C684-4325-4C6A-9981-472E52C08047}.Debug|x64.Build.0 = Debug|x64
		{1A55C684-4325-4C6A-9981-472E52C08047}.Debug|x86.ActiveCfg = Debug|Win32
		{1A55C684-4325-4C6A-9981-472E52C08047}.Debug|x86.Build.0 = Debug|Win32
		{1A55C684-4325-4C6A-9981-472E52C08047}.Release|x64.ActiveCfg = Release|x64
		{1A55C684-4325-4C6A-9981-472E52C08047}.Release|x64.Build.0 = Release|x64
		{1A55C684-4325-4C6A-9981-472E52C08047}.Release|x86.ActiveCfg = Release|Win32
		{1A55C684-4325-4C6A-9981-472E52C08047}.Release|x86.Build.0 = Release|Win32
		{8315E1AD-6F3D-4924-AC7B-9957D7C1BFE9}.Debug|x64.ActiveCfg = Debug|x64
		{8315E1AD-6F3D-4924-AC7B-9957D7C1BFE9}.Debug|x64.Build.0 = Debug|x64
		{8315E1AD-6F3D-4924-AC7B-9957D7C1BFE9}.Debug|x86.ActiveCfg = Debug|Win32
		{8315E1AD-6F3D-4924-AC7B-9957D7C1BFE9}.Debug|x86.Build.0 = Debug|Win32
		{8315E1AD-6F3D-4924-AC7B-9957D7C1BFE9}.Release|x64.ActiveCfg = Release|x64
		{8315E1AD-6F3D-4924-AC7B-9957D7C1BFE9}.Release|x64.Build.0 = Release|x64
		{8315E1AD-6F3D-4924-AC7B-9957D7C1BFE9}.Release|x86.ActiveCfg = Release|Win32
		{8315E1AD-6F3D-4924-AC7B-9957D7C1BFE9}.Release|x86.Build.0 = Release|Win32
		{74D289E3-2345-4851-B784-D92106E425D9}.Debug|x64.ActiveCfg = Debug|x64
		{74D289E3-2345-4851-B784-D92106E425D9}.Debug|x64.Build.0 = Debug|x64
		{74D289E3-2345-4851-B784-D92106E425D9}.Debug|x86.ActiveCfg = Debug|Win32
		{74D289E3-2345-4851-B784-D92106E425D9}.Debug|x86.Build.0 = Debug|Win32
		{74D289E3-2345-4851-B784-D92106E425D9}.Release|x64.ActiveCfg = Release|x64
		{74D289E3-2345-4851-B784-D92106E425D9}.Release|x64.Build.0 = Release|x64
		{74D289E3-2345-4851-B784-D92106E425D9}.Release|x86.ActiveCfg = Release|Win32
		{74D289E3-2345-4851-B784-D92106E425D9}.Release|x86.Build.0 = Release|Win32
		{74BB18CD-A193-4F8E-A2AE-7DCE3E07A720}.Debug|x64.ActiveCfg = Debug|x64
		{74BB18CD-A193-4F8E-A2AE-7DCE3E07A720}.Debug|x64.Build.0 = Debug|x64
		{74BB18CD-A193-4F8E-A2AE-7DCE3E07A720}.Debug|x86.ActiveCfg = Debug|Win32
		{74BB18CD-A193-4F8E-A2AE-7DCE3E07A720}.Debug|x86.Build.0 = Debug|Win32
		{74BB18CD-A193-4F8E-A2AE-7DCE3E07A720}.Release|x64.ActiveCfg = Release|x64
		{74BB18CD-A193-4F8E-A2AE-7DCE3E07A720}.Release|x64.Build.0 = Release|x64
		{74BB18CD-A193-4F8E-A2AE-7DCE3E07A720}.Release|x86.ActiveCfg = Release|Win32
		{74BB18CD-A193-4F8E-A2AE-7DCE3E07A720}.Release|x86.Build.0 = Release|Win32
		{61752ABA-B2C4-4678-8D66-4ACC7745BB6D}.Debug|x64.ActiveCfg = Debug|x64
		{61752ABA-B2C4-4678-8D66-4ACC7745BB6D}.Debug|x64.Build.0 = Debug|x64
		{61752ABA-B2C4-4678-8D66-4ACC7745BB6D}.Debug|x86.ActiveCfg = Debug|Win32
		{61752ABA-B2C4-4678-8D66-4ACC7745BB6D}.Debug|x86.Build.0 = Debug|Win32
		{61752ABA-B2C4-4678-8D66-4ACC7745BB6D}.Release|x64.ActiveCfg = Release|x64
		{61752ABA-B2C4-4678-8D66-4ACC7745BB6D}.Release|x64.Build.0 = Release|x64
		{61752ABA-B2C4-4678-8D66-4ACC7745BB6D}.Release|x86.ActiveCfg = Release|Win32
		{61752ABA-B2C4-4678-8D66-4ACC7745BB6D}.Release|x86.Build.0 = Release|Win32
		{0CFDD396-6796-4F3A-BAF8-D3DAF6ECAD00}.Debug|x64.ActiveCfg = Debug|x64
		{0CFDD396-6796-4F3A-BAF8-D3DAF6ECAD00}.Debug|x64.Build.0 = Debug|x64
		{0CFDD396-6796-4F3A-BAF8-D3DAF6ECAD00}.Debug|x86.ActiveCfg = Debug|Win32
		{0CFDD396-6796-4F3A-BAF8-D3DAF6ECAD00}.Debug|x86.Build.0 = Debug|Win32
		{0CFDD396-6796-4F3A-BAF8-D3DAF6ECAD00}.Release|x64.ActiveCfg = Release|x64
		{0CFDD396-6796-4F3A-BAF8-D3DAF6ECAD00}.Release|x64.Build.0 = Release|x64
		{0CFDD396-6796-4F3A-BAF8-D3DAF6ECAD00}.Release|x86.ActiveCfg = Release|Win32
		{0CFDD396-6796-4F3A-BAF8-D3DAF6ECAD00}.Release|x86.Build.0 = Release|Win32
		{B78D50F5-B4A4-4D2D-91E1-5A85D0C9B11E}.Debug|x64.ActiveCfg = Debug|x64
		{B78D50F5-B4A4-4D2D-91E1-5A85D0C9B11E}.Debug|x64.Build.0 = Debug|x64
		{B78D50F5-B4A4-4D2D-91E1-5A85D0C9B11E}.Debug|x86.ActiveCfg = Debug|Win32
		{B78D50F5-B4A4-4D2D-91E1-5A85D0C9B11E}.Debug|x86.Build.0 = Debug|Win32
		{B78D50F5-B4A4-4D2D-91E1-5A85D0C9B11E}.Release|x64.ActiveCfg = Release|x64
		{B78D50F5-B4A4-4D2D-91E1-5A85D0C9B11E}.Release|x64.Build.0 = Release|x64
		{B78D50F5-B4A4-4D2D-91E1-5A85D0C9B11E}.Release|x86.ActiveCfg = Release|Win32
		{B78D50F5-B4A4-4D2D-91E1-5A85D0C9B11E}.Release|x86.Build.0 = Release|Win32
		{6B1DEB94-8B36-480B-AD9E-4794CCB5E391}.Debug|x64.ActiveCfg = Debug|x64
		{6B1DEB94-8B36-480B-AD9E-4794CCB5E391}.Debug|x64.Build.0 = Debug|x64
		{6B1DEB94-8B36-480B-AD9E-4794CCB5E391}.Debug|x86.ActiveCfg = Debug|Win32
		{6B1DEB94-8B36-480B-AD9E-4794CCB5E391}.Debug|x86.Build.0 = Debug|Win32
		{6B1DEB94-8B36-480B-AD9E-4794CCB5E391}.Release|x64.ActiveCfg = Release|x64
		{6B1DEB94-8B36-480B-AD9E-4794CCB5E391}.Release|x64.Build.0 = Release|x64
		{6B1DEB94-8B36-480B-AD9E-4794CCB5E391}.Release|x86.ActiveCfg = Release|Win32
		{6B1DEB94-8B36-480B-AD9E-4794CCB5E391}.Release|x86.Build.0 = Release|Win32
		{6D7434B1-D6A7-4BFA-8F20-8BBB6534666C}.Debug|x64.ActiveCfg = Debug|x64
		{6D7434B1-D6A7-4BFA-8F20-8BBB6534666C}.Debug|x64.Build.0 = Debug|x64
		{6D7434B1-D6A7-4BFA-8F20-8BBB6534666C}.Debug|x86.ActiveCfg = Debug|Win32
		{6D7434B1-D6A7-4BFA-8F20-8BBB6534666C}.Debug|x86.Build.0 = Debug|Win32
		{6D7434B1-D6A7-4BFA-8F20-8BBB6534666C}.Release|x64.ActiveCfg = Release|x64
		{6D7434B1-D6A7-4BFA-8F20-8BBB6534666C}.Release|x64.Build.0 = Release|x64
		{6D7434B1-D6A7-4BFA-8F20-8BBB6534666C}.Release|x86.ActiveCfg = Release|Win32
		{6D7434B1-D6A7-4BFA-8F20-8BBB6534666C}.Release|x86.Build.0 = Release|Win32
		{B0C95FF4-5507-4AA1-93E3-071A8C6C03A2}.Debug|x64.ActiveCfg = Debug|x64
		{B0C95FF4-5507-4AA1-93E3-071A8C6C03A2}.Debug|x64.Build.0 = Debug|x64
		{B0C95FF4-5507-4AA1-93E3-071A8C6C03A2}.Debug|x86.ActiveCfg = Debug|Win32
		{B0C95FF4-5507-4AA1-93E3-071A8C6C03A2}.Debug|x86.Build.0 = Debug|Win32
		{B0C95FF4-5507-4AA1-93E3-071A8C6C03A2}.Release|x64.ActiveCfg = Release|x64
		{B0C95FF4-5507-4AA1-93E3-071A8C6C03A2}.Release|x64.Build.0 = Release|x64
		{B0C95FF4-5507-4AA1-93E3-071A8C6C03A2}.Release|x86.ActiveCfg = Release|Win32
		{B0C95FF4-5507-4AA1-93E3-071A8C6C03A2}.Release|x86.Build.0 = Release|Win32
		{1ED52A30-F336-4B86-9805-8253DEAEBB14}.Debug|x64.ActiveCfg = Debug|x64
		{1ED52A30-F336-4B86-9805-8253DEAEBB14}.Debug|x64.Build.0 = Debug|x64
		{1ED52A30-F336-4B86-9805-8253DEAEBB14}.Debug|x86.ActiveCfg = Debug|Win32
		{1ED52A30-F336-4B86-9805-8253DEAEBB14}.Debug|x86.Build.0 = Debug|Win32
		{1ED52A30-F336-4B86-9805-8253DEAEBB14}.Release|x64.ActiveCfg = Release|x64
		{1ED52A30-F336-4B86-9805-8253DEAEBB14}.Release|x64.Build.0 = Release|x64
		{1ED52A30-F336-4B86-9805-8253DEAEBB14}.Release|x86.ActiveCfg = Release|Win32
		{1ED52A30-F336-4B86-9805-8253DEAEBB14}.Release|x86.Build.0 = Release|Win32
		{1A432882-B748-4057-A0D8-3BD2A2FF6E63}.Debug|x64.ActiveCfg = Debug|x64
		{1A432882-B748-4057-A0D8-3BD2A2FF6E63}.Debug|x64.Build.0 = Debug|x64
		{1A432882-B748-4057-A0D8-3BD2A2FF6E63}.Debug|x86.ActiveCfg = Debug|Win32
		{1A432882-B748-4057-A0D8-3BD2A2FF6E63}.Debug|x86.Build.0 = Debug|Win32
		{1A432882-B748-4057-A0D8-3BD2A2FF6E63}.Release|x64.ActiveCfg = Release|x64
		{1A432882-B748-4057-A0D8-3BD2A2FF6E63}.Release|x64.Build.0 = Release|x64
		{1A432882-B748-4057-A0D8-3BD2A2FF6E63}.Release|x86.ActiveCfg = Release|Win32
		{1A432882-B748-4057-A0D8-3BD2A2FF6E63}.Release|x86.Build.0 = Release|Win32
	EndGlobalSection
	GlobalSection(SolutionProperties) = preSolution
		HideSolutionNode = FALSE
	EndGlobalSection
	GlobalSection(ExtensibilityGlobals) = postSolution
		SolutionGuid = {1C4DE95E-1506-449B-806C-D5107D5E9E60}
	EndGlobalSection
EndGlobal
